// !$*UTF8*$!
{
	archiveVersion = 1;
	classes = {
	};
	objectVersion = 55;
	objects = {

/* Begin PBXBuildFile section */
		03C03DB21B17A0F5DC74057D /* Pods_CleanTreeList_CleanTreeListUITests.framework in Frameworks */ = {isa = PBXBuildFile; fileRef = E79E0D4569CA7598FF88F772 /* Pods_CleanTreeList_CleanTreeListUITests.framework */; };
		B0DD57ECA4F8AFCC558EB438 /* Pods_CleanTreeList_Tests.framework in Frameworks */ = {isa = PBXBuildFile; fileRef = 19F64E384AA17A94B1448F95 /* Pods_CleanTreeList_Tests.framework */; };
		D3088943283E948D00305A64 /* Constants.swift in Sources */ = {isa = PBXBuildFile; fileRef = D3088942283E948D00305A64 /* Constants.swift */; };
		D3088945283EA51900305A64 /* ViewModel+Injection.swift in Sources */ = {isa = PBXBuildFile; fileRef = D3088944283EA51900305A64 /* ViewModel+Injection.swift */; };
		D31103E32823ADE60021299B /* TreeListView.swift in Sources */ = {isa = PBXBuildFile; fileRef = D31103E22823ADE60021299B /* TreeListView.swift */; };
		D31103EE2823D00A0021299B /* TreeListRemoteRepository.swift in Sources */ = {isa = PBXBuildFile; fileRef = D31103ED2823D00A0021299B /* TreeListRemoteRepository.swift */; };
		D31103F02823D3E60021299B /* TreesRemoteRepositoryImpl.swift in Sources */ = {isa = PBXBuildFile; fileRef = D31103EF2823D3E60021299B /* TreesRemoteRepositoryImpl.swift */; };
		D31353AA2833987D006485B7 /* TreeItem.swift in Sources */ = {isa = PBXBuildFile; fileRef = D31353A92833987D006485B7 /* TreeItem.swift */; };
		D31353AC28339954006485B7 /* ClusterMapView.swift in Sources */ = {isa = PBXBuildFile; fileRef = D31353AB28339954006485B7 /* ClusterMapView.swift */; };
		D31353B22833A0D5006485B7 /* ClusterTreeAnnotationView.swift in Sources */ = {isa = PBXBuildFile; fileRef = D31353B12833A0D5006485B7 /* ClusterTreeAnnotationView.swift */; };
		D31353B42833A3D6006485B7 /* MapTreeItemAnnotationView.swift in Sources */ = {isa = PBXBuildFile; fileRef = D31353B32833A3D6006485B7 /* MapTreeItemAnnotationView.swift */; };
		D31353B82833D7D3006485B7 /* RemoteUser.swift in Sources */ = {isa = PBXBuildFile; fileRef = D31353B72833D7D3006485B7 /* RemoteUser.swift */; };
		D31353BB2833DC66006485B7 /* UsersRemoteRepositoryImpl.swift in Sources */ = {isa = PBXBuildFile; fileRef = D31353BA2833DC66006485B7 /* UsersRemoteRepositoryImpl.swift */; };
		D31353C02833DD7E006485B7 /* UserRemoteRepository.swift in Sources */ = {isa = PBXBuildFile; fileRef = D31353BF2833DD7E006485B7 /* UserRemoteRepository.swift */; };
		D31353C32833DDF0006485B7 /* User.swift in Sources */ = {isa = PBXBuildFile; fileRef = D31353C22833DDF0006485B7 /* User.swift */; };
		D31353C62833DE8D006485B7 /* UserUseCase.swift in Sources */ = {isa = PBXBuildFile; fileRef = D31353C52833DE8D006485B7 /* UserUseCase.swift */; };
		D31353C92833E374006485B7 /* AppButton.swift in Sources */ = {isa = PBXBuildFile; fileRef = D31353C82833E374006485B7 /* AppButton.swift */; };
		D31353CB2833E92D006485B7 /* DomainToData.swift in Sources */ = {isa = PBXBuildFile; fileRef = D31353CA2833E92D006485B7 /* DomainToData.swift */; };
		D314834528322E3300C40198 /* DirectionMapView.swift in Sources */ = {isa = PBXBuildFile; fileRef = D314834428322E3300C40198 /* DirectionMapView.swift */; };
		D314834F2832497A00C40198 /* Helpers.swift in Sources */ = {isa = PBXBuildFile; fileRef = D314834E2832497A00C40198 /* Helpers.swift */; };
		D31E7DC72838294900FF3700 /* Realm in Frameworks */ = {isa = PBXBuildFile; productRef = D31E7DC62838294900FF3700 /* Realm */; };
		D31E7DC92838294900FF3700 /* RealmSwift in Frameworks */ = {isa = PBXBuildFile; productRef = D31E7DC82838294900FF3700 /* RealmSwift */; };
		D3251A6428375D080059DBA3 /* LoginView.swift in Sources */ = {isa = PBXBuildFile; fileRef = D3251A6328375D080059DBA3 /* LoginView.swift */; };
		D3251A702837C0F00059DBA3 /* Resolver in Frameworks */ = {isa = PBXBuildFile; productRef = D3251A6F2837C0F00059DBA3 /* Resolver */; };
		D3251A732837C1290059DBA3 /* App+Injection.swift in Sources */ = {isa = PBXBuildFile; fileRef = D3251A722837C1290059DBA3 /* App+Injection.swift */; };
		D32CD606282A349D00C7FC80 /* MainTabView.swift in Sources */ = {isa = PBXBuildFile; fileRef = D32CD605282A349D00C7FC80 /* MainTabView.swift */; };
		D32CD609282A34D400C7FC80 /* MapView.swift in Sources */ = {isa = PBXBuildFile; fileRef = D32CD608282A34D400C7FC80 /* MapView.swift */; };
		D32CD60B282A4BAF00C7FC80 /* TreeGetterListViewModel.swift in Sources */ = {isa = PBXBuildFile; fileRef = D32CD60A282A4BAF00C7FC80 /* TreeGetterListViewModel.swift */; };
		D32CD611282A517800C7FC80 /* CoreDataStack.swift in Sources */ = {isa = PBXBuildFile; fileRef = D32CD610282A517800C7FC80 /* CoreDataStack.swift */; };
		D32CD614282A55E400C7FC80 /* CleanTreeList.xcdatamodeld in Sources */ = {isa = PBXBuildFile; fileRef = D32CD612282A55E400C7FC80 /* CleanTreeList.xcdatamodeld */; };
		D32CD61C282A5E2300C7FC80 /* CDGeolocatedTree+CoreDataClass.swift in Sources */ = {isa = PBXBuildFile; fileRef = D32CD61A282A5E2300C7FC80 /* CDGeolocatedTree+CoreDataClass.swift */; };
		D32CD61D282A5E2300C7FC80 /* CDGeolocatedTree+CoreDataProperties.swift in Sources */ = {isa = PBXBuildFile; fileRef = D32CD61B282A5E2300C7FC80 /* CDGeolocatedTree+CoreDataProperties.swift */; };
		D32CD624282A6C1900C7FC80 /* CDTree+CoreDataClass.swift in Sources */ = {isa = PBXBuildFile; fileRef = D32CD622282A6C1900C7FC80 /* CDTree+CoreDataClass.swift */; };
		D32CD625282A6C1900C7FC80 /* CDTree+CoreDataProperties.swift in Sources */ = {isa = PBXBuildFile; fileRef = D32CD623282A6C1900C7FC80 /* CDTree+CoreDataProperties.swift */; };
		D32CD62B282AA8F600C7FC80 /* ErrorView.swift in Sources */ = {isa = PBXBuildFile; fileRef = D32CD62A282AA8F600C7FC80 /* ErrorView.swift */; };
		D32CD62D282B8ADC00C7FC80 /* Urls.swift in Sources */ = {isa = PBXBuildFile; fileRef = D32CD62C282B8ADC00C7FC80 /* Urls.swift */; };
		D32CD62F282B8F2900C7FC80 /* TreeLocalDataSource.swift in Sources */ = {isa = PBXBuildFile; fileRef = D32CD62E282B8F2900C7FC80 /* TreeLocalDataSource.swift */; };
		D32CD632282B906E00C7FC80 /* TreeLocalImpl.swift in Sources */ = {isa = PBXBuildFile; fileRef = D32CD631282B906E00C7FC80 /* TreeLocalImpl.swift */; };
		D32CD634282B982800C7FC80 /* NetworkMonitor.swift in Sources */ = {isa = PBXBuildFile; fileRef = D32CD633282B982800C7FC80 /* NetworkMonitor.swift */; };
		D32CD637282BAAC500C7FC80 /* ConnectionStatusView.swift in Sources */ = {isa = PBXBuildFile; fileRef = D32CD636282BAAC500C7FC80 /* ConnectionStatusView.swift */; };
		D333B12F283B6EFF00407168 /* RealmGeolocatedTree.swift in Sources */ = {isa = PBXBuildFile; fileRef = D333B12E283B6EFF00407168 /* RealmGeolocatedTree.swift */; };
		D333B131283B6F0F00407168 /* RealmTree.swift in Sources */ = {isa = PBXBuildFile; fileRef = D333B130283B6F0F00407168 /* RealmTree.swift */; };
		D333B133283B750C00407168 /* RealmManager.swift in Sources */ = {isa = PBXBuildFile; fileRef = D333B132283B750C00407168 /* RealmManager.swift */; };
		D333B135283B860B00407168 /* TreeRealmImpl.swift in Sources */ = {isa = PBXBuildFile; fileRef = D333B134283B860B00407168 /* TreeRealmImpl.swift */; };
		D333B137283B865400407168 /* TreeRealmDataSource.swift in Sources */ = {isa = PBXBuildFile; fileRef = D333B136283B865400407168 /* TreeRealmDataSource.swift */; };
		D333B13B283BB21E00407168 /* TreeRealmRepositoryImpl.swift in Sources */ = {isa = PBXBuildFile; fileRef = D333B13A283BB21E00407168 /* TreeRealmRepositoryImpl.swift */; };
		D333B13D283BB23700407168 /* TreeListRealmRepository.swift in Sources */ = {isa = PBXBuildFile; fileRef = D333B13C283BB23700407168 /* TreeListRealmRepository.swift */; };
		D34199E82829096400DB45B0 /* TreeItemView.swift in Sources */ = {isa = PBXBuildFile; fileRef = D34199E72829096400DB45B0 /* TreeItemView.swift */; };
		D34199EA2829103400DB45B0 /* TreeListComponentView.swift in Sources */ = {isa = PBXBuildFile; fileRef = D34199E92829103400DB45B0 /* TreeListComponentView.swift */; };
		D347DD93282E478E004311FE /* TreeListViewModel.swift in Sources */ = {isa = PBXBuildFile; fileRef = D347DD92282E478E004311FE /* TreeListViewModel.swift */; };
		D347DD96282E51C4004311FE /* MapAnnotationView.swift in Sources */ = {isa = PBXBuildFile; fileRef = D347DD95282E51C4004311FE /* MapAnnotationView.swift */; };
		D347DD98282E5C14004311FE /* BlankBlurView.swift in Sources */ = {isa = PBXBuildFile; fileRef = D347DD97282E5C14004311FE /* BlankBlurView.swift */; };
		D347DD9A282E5E30004311FE /* MapTreeDetailsView.swift in Sources */ = {isa = PBXBuildFile; fileRef = D347DD99282E5E30004311FE /* MapTreeDetailsView.swift */; };
		D347DD9C282E61D4004311FE /* MapViewModel.swift in Sources */ = {isa = PBXBuildFile; fileRef = D347DD9B282E61D4004311FE /* MapViewModel.swift */; };
		D347DD9F282E7E26004311FE /* Localizable.stringsdict in Resources */ = {isa = PBXBuildFile; fileRef = D347DDA1282E7E26004311FE /* Localizable.stringsdict */; };
		D347DDA4282E859B004311FE /* MultipleStringFormatter.swift in Sources */ = {isa = PBXBuildFile; fileRef = D347DDA3282E859B004311FE /* MultipleStringFormatter.swift */; };
		D347DDA7282E8EA7004311FE /* UsersView.swift in Sources */ = {isa = PBXBuildFile; fileRef = D347DDA6282E8EA7004311FE /* UsersView.swift */; };
		D347DDAA282E8F81004311FE /* UsersAPIImpl.swift in Sources */ = {isa = PBXBuildFile; fileRef = D347DDA9282E8F81004311FE /* UsersAPIImpl.swift */; };
		D347DDAF282E9205004311FE /* UsersRemoteDataSource.swift in Sources */ = {isa = PBXBuildFile; fileRef = D347DDAE282E9205004311FE /* UsersRemoteDataSource.swift */; };
		D347DDB1282E988A004311FE /* AddPersonView.swift in Sources */ = {isa = PBXBuildFile; fileRef = D347DDB0282E988A004311FE /* AddPersonView.swift */; };
		D347DDB3282E9A34004311FE /* UsersViewModel.swift in Sources */ = {isa = PBXBuildFile; fileRef = D347DDB2282E9A34004311FE /* UsersViewModel.swift */; };
		D347DDB5282E9B52004311FE /* UnderlineTextField.swift in Sources */ = {isa = PBXBuildFile; fileRef = D347DDB4282E9B52004311FE /* UnderlineTextField.swift */; };
		D347DDBA282E9D3B004311FE /* CheckBoxStyle.swift in Sources */ = {isa = PBXBuildFile; fileRef = D347DDB9282E9D3B004311FE /* CheckBoxStyle.swift */; };
		D347DDBC282EA0AE004311FE /* SelectorBoxStyle.swift in Sources */ = {isa = PBXBuildFile; fileRef = D347DDBB282EA0AE004311FE /* SelectorBoxStyle.swift */; };
		D347DDBE282EA4E4004311FE /* BindingInverter.swift in Sources */ = {isa = PBXBuildFile; fileRef = D347DDBD282EA4E4004311FE /* BindingInverter.swift */; };
		D347DDC0282EA619004311FE /* FormTextField.swift in Sources */ = {isa = PBXBuildFile; fileRef = D347DDBF282EA619004311FE /* FormTextField.swift */; };
		D347DDC3282EA886004311FE /* SexeSelector.swift in Sources */ = {isa = PBXBuildFile; fileRef = D347DDC2282EA886004311FE /* SexeSelector.swift */; };
		D347DDC5282EACFB004311FE /* CheckBox.swift in Sources */ = {isa = PBXBuildFile; fileRef = D347DDC4282EACFB004311FE /* CheckBox.swift */; };
		D357B8A8283E315500FA2C97 /* TreeUseCase.swift in Sources */ = {isa = PBXBuildFile; fileRef = D357B8A7283E315500FA2C97 /* TreeUseCase.swift */; };
		D357B8AA283E559300FA2C97 /* UseCaseError.swift in Sources */ = {isa = PBXBuildFile; fileRef = D357B8A9283E559300FA2C97 /* UseCaseError.swift */; };
		D357B8AC283E570900FA2C97 /* UseCase+Injection.swift in Sources */ = {isa = PBXBuildFile; fileRef = D357B8AB283E570900FA2C97 /* UseCase+Injection.swift */; };
		D37C2E222847532F00A0BDEC /* TreesRemoteRepositoryImplSpec.swift in Sources */ = {isa = PBXBuildFile; fileRef = D37C2E212847532F00A0BDEC /* TreesRemoteRepositoryImplSpec.swift */; };
		D37C2E25284762B500A0BDEC /* TReeUseCaseSpec.swift in Sources */ = {isa = PBXBuildFile; fileRef = D37C2E24284762B500A0BDEC /* TReeUseCaseSpec.swift */; };
		D37F7A08282167E200E73EB4 /* CleanTreeListApp.swift in Sources */ = {isa = PBXBuildFile; fileRef = D37F7A07282167E200E73EB4 /* CleanTreeListApp.swift */; };
		D37F7A0C282167E200E73EB4 /* Assets.xcassets in Resources */ = {isa = PBXBuildFile; fileRef = D37F7A0B282167E200E73EB4 /* Assets.xcassets */; };
		D37F7A0F282167E200E73EB4 /* Preview Assets.xcassets in Resources */ = {isa = PBXBuildFile; fileRef = D37F7A0E282167E200E73EB4 /* Preview Assets.xcassets */; };
		D3870010283E143F002D414E /* DomainToRealm.swift in Sources */ = {isa = PBXBuildFile; fileRef = D387000F283E143F002D414E /* DomainToRealm.swift */; };
		D387005C283E256F002D414E /* Repository+Injection.swift in Sources */ = {isa = PBXBuildFile; fileRef = D387005B283E256F002D414E /* Repository+Injection.swift */; };
		D3AA66C02823917800862D43 /* trees.json in Resources */ = {isa = PBXBuildFile; fileRef = D3AA66BF2823917800862D43 /* trees.json */; };
		D3AA66C82823928E00862D43 /* Record.swift in Sources */ = {isa = PBXBuildFile; fileRef = D3AA66C72823928E00862D43 /* Record.swift */; };
		D3B007602834CB8400030C9E /* UserResponseError.swift in Sources */ = {isa = PBXBuildFile; fileRef = D3B0075F2834CB8400030C9E /* UserResponseError.swift */; };
		D3B00764283516DC00030C9E /* Regex.swift in Sources */ = {isa = PBXBuildFile; fileRef = D3B00763283516DC00030C9E /* Regex.swift */; };
		D3B0076728351BAB00030C9E /* LocalizeError.swift in Sources */ = {isa = PBXBuildFile; fileRef = D3B0076628351BAB00030C9E /* LocalizeError.swift */; };
		D3B0076928362FBD00030C9E /* IsHiddenBinding.swift in Sources */ = {isa = PBXBuildFile; fileRef = D3B0076828362FBD00030C9E /* IsHiddenBinding.swift */; };
		D3B0076B283636B000030C9E /* HideKeyboard.swift in Sources */ = {isa = PBXBuildFile; fileRef = D3B0076A283636B000030C9E /* HideKeyboard.swift */; };
		D3B0076D28363AC600030C9E /* PasswordTipsView.swift in Sources */ = {isa = PBXBuildFile; fileRef = D3B0076C28363AC600030C9E /* PasswordTipsView.swift */; };
		D3B0077028363D9B00030C9E /* CheckPassword.swift in Sources */ = {isa = PBXBuildFile; fileRef = D3B0076F28363D9B00030C9E /* CheckPassword.swift */; };
		D3B007732836693D00030C9E /* CheckPostFields.swift in Sources */ = {isa = PBXBuildFile; fileRef = D3B007722836693D00030C9E /* CheckPostFields.swift */; };
		D3C57B3B282395A20028E4EB /* TreeRemoteImpl.swift in Sources */ = {isa = PBXBuildFile; fileRef = D3C57B3A282395A20028E4EB /* TreeRemoteImpl.swift */; };
		D3C57B3D282395BF0028E4EB /* TreeRemoteDataSource.swift in Sources */ = {isa = PBXBuildFile; fileRef = D3C57B3C282395BF0028E4EB /* TreeRemoteDataSource.swift */; };
		D3C57B3F282396630028E4EB /* Tree.swift in Sources */ = {isa = PBXBuildFile; fileRef = D3C57B3E282396630028E4EB /* Tree.swift */; };
		D3C57B41282396E50028E4EB /* GeolocatedTree.swift in Sources */ = {isa = PBXBuildFile; fileRef = D3C57B40282396E50028E4EB /* GeolocatedTree.swift */; };
		D3C57B43282398960028E4EB /* APIServiceError.swift in Sources */ = {isa = PBXBuildFile; fileRef = D3C57B42282398960028E4EB /* APIServiceError.swift */; };
		D3C57B4528239D2F0028E4EB /* DataToDomain.swift in Sources */ = {isa = PBXBuildFile; fileRef = D3C57B4428239D2F0028E4EB /* DataToDomain.swift */; };
		D3D691F42840D7B000C28C66 /* TreeUseCase_Tests.swift in Sources */ = {isa = PBXBuildFile; fileRef = D3D691F32840D7B000C28C66 /* TreeUseCase_Tests.swift */; };
		D3D691F828410F0600C28C66 /* UITestingBootcampView.swift in Sources */ = {isa = PBXBuildFile; fileRef = D3D691F728410F0600C28C66 /* UITestingBootcampView.swift */; };
		D3D692022841121100C28C66 /* CleanTreeListUITests.swift in Sources */ = {isa = PBXBuildFile; fileRef = D3D692012841121100C28C66 /* CleanTreeListUITests.swift */; };
		D3D692042841121100C28C66 /* CleanTreeListUITestsLaunchTests.swift in Sources */ = {isa = PBXBuildFile; fileRef = D3D692032841121100C28C66 /* CleanTreeListUITestsLaunchTests.swift */; };
		D3D7E27E282BDD2200284215 /* TreeCDDataSource.swift in Sources */ = {isa = PBXBuildFile; fileRef = D3D7E27D282BDD2200284215 /* TreeCDDataSource.swift */; };
		D3D7E280282BEA6C00284215 /* TreeCDImpl.swift in Sources */ = {isa = PBXBuildFile; fileRef = D3D7E27F282BEA6C00284215 /* TreeCDImpl.swift */; };
		D3D7E284282BF6ED00284215 /* TreesCDRepositoryImpl.swift in Sources */ = {isa = PBXBuildFile; fileRef = D3D7E283282BF6ED00284215 /* TreesCDRepositoryImpl.swift */; };
		D3D7E288282CDCBB00284215 /* TreeListCDRepository.swift in Sources */ = {isa = PBXBuildFile; fileRef = D3D7E287282CDCBB00284215 /* TreeListCDRepository.swift */; };
		D3D7E28A282D25E300284215 /* DomainToCoreData.swift in Sources */ = {isa = PBXBuildFile; fileRef = D3D7E289282D25E300284215 /* DomainToCoreData.swift */; };
		D3D7E28D282D3CF300284215 /* Localizable.strings in Resources */ = {isa = PBXBuildFile; fileRef = D3D7E28F282D3CF300284215 /* Localizable.strings */; };
		D3E2841A283CCBC6005FCF66 /* TreesRemoteRepositoryImpl_Tests.swift in Sources */ = {isa = PBXBuildFile; fileRef = D3E28419283CCBC6005FCF66 /* TreesRemoteRepositoryImpl_Tests.swift */; };
		D3E40B47282502FD00025D14 /* CodableBundleExtension.swift in Sources */ = {isa = PBXBuildFile; fileRef = D3E40B46282502FC00025D14 /* CodableBundleExtension.swift */; };
		D3E40B49282506B800025D14 /* JSONDecodeError.swift in Sources */ = {isa = PBXBuildFile; fileRef = D3E40B48282506B800025D14 /* JSONDecodeError.swift */; };
		D3E40B4C2825224500025D14 /* ApiManager.swift in Sources */ = {isa = PBXBuildFile; fileRef = D3E40B4B2825224500025D14 /* ApiManager.swift */; };
		F2840FF9A1C073FB8189BA0B /* Pods_CleanTreeList.framework in Frameworks */ = {isa = PBXBuildFile; fileRef = 4742FB4C20A6EFFBFD2759B5 /* Pods_CleanTreeList.framework */; };
/* End PBXBuildFile section */

/* Begin PBXContainerItemProxy section */
		D3D692052841121100C28C66 /* PBXContainerItemProxy */ = {
			isa = PBXContainerItemProxy;
			containerPortal = D37F79FC282167E200E73EB4 /* Project object */;
			proxyType = 1;
			remoteGlobalIDString = D37F7A03282167E200E73EB4;
			remoteInfo = CleanTreeList;
		};
		D3E28414283CC0FE005FCF66 /* PBXContainerItemProxy */ = {
			isa = PBXContainerItemProxy;
			containerPortal = D37F79FC282167E200E73EB4 /* Project object */;
			proxyType = 1;
			remoteGlobalIDString = D37F7A03282167E200E73EB4;
			remoteInfo = CleanTreeList;
		};
/* End PBXContainerItemProxy section */

/* Begin PBXFileReference section */
		19F64E384AA17A94B1448F95 /* Pods_CleanTreeList_Tests.framework */ = {isa = PBXFileReference; explicitFileType = wrapper.framework; includeInIndex = 0; path = Pods_CleanTreeList_Tests.framework; sourceTree = BUILT_PRODUCTS_DIR; };
		28715E1844EB9A8E92A1D2BA /* Pods-CleanTreeList.release.xcconfig */ = {isa = PBXFileReference; includeInIndex = 1; lastKnownFileType = text.xcconfig; name = "Pods-CleanTreeList.release.xcconfig"; path = "Target Support Files/Pods-CleanTreeList/Pods-CleanTreeList.release.xcconfig"; sourceTree = "<group>"; };
		2B5084A50267C1621F157761 /* Pods-CleanTreeList_Tests.release.xcconfig */ = {isa = PBXFileReference; includeInIndex = 1; lastKnownFileType = text.xcconfig; name = "Pods-CleanTreeList_Tests.release.xcconfig"; path = "Target Support Files/Pods-CleanTreeList_Tests/Pods-CleanTreeList_Tests.release.xcconfig"; sourceTree = "<group>"; };
		4742FB4C20A6EFFBFD2759B5 /* Pods_CleanTreeList.framework */ = {isa = PBXFileReference; explicitFileType = wrapper.framework; includeInIndex = 0; path = Pods_CleanTreeList.framework; sourceTree = BUILT_PRODUCTS_DIR; };
		7B8A627D3E8931C96E03AACE /* Pods-CleanTreeList_Tests.debug.xcconfig */ = {isa = PBXFileReference; includeInIndex = 1; lastKnownFileType = text.xcconfig; name = "Pods-CleanTreeList_Tests.debug.xcconfig"; path = "Target Support Files/Pods-CleanTreeList_Tests/Pods-CleanTreeList_Tests.debug.xcconfig"; sourceTree = "<group>"; };
		7E399210D9D3712CBCD3F586 /* Pods-CleanTreeList.debug.xcconfig */ = {isa = PBXFileReference; includeInIndex = 1; lastKnownFileType = text.xcconfig; name = "Pods-CleanTreeList.debug.xcconfig"; path = "Target Support Files/Pods-CleanTreeList/Pods-CleanTreeList.debug.xcconfig"; sourceTree = "<group>"; };
		900465212963B3C00623059A /* Pods-CleanTreeList-CleanTreeListUITests.release.xcconfig */ = {isa = PBXFileReference; includeInIndex = 1; lastKnownFileType = text.xcconfig; name = "Pods-CleanTreeList-CleanTreeListUITests.release.xcconfig"; path = "Target Support Files/Pods-CleanTreeList-CleanTreeListUITests/Pods-CleanTreeList-CleanTreeListUITests.release.xcconfig"; sourceTree = "<group>"; };
		C6E721C132B0EA6549C68497 /* Pods-CleanTreeList-CleanTreeListUITests.debug.xcconfig */ = {isa = PBXFileReference; includeInIndex = 1; lastKnownFileType = text.xcconfig; name = "Pods-CleanTreeList-CleanTreeListUITests.debug.xcconfig"; path = "Target Support Files/Pods-CleanTreeList-CleanTreeListUITests/Pods-CleanTreeList-CleanTreeListUITests.debug.xcconfig"; sourceTree = "<group>"; };
		D3088942283E948D00305A64 /* Constants.swift */ = {isa = PBXFileReference; lastKnownFileType = sourcecode.swift; path = Constants.swift; sourceTree = "<group>"; };
		D3088944283EA51900305A64 /* ViewModel+Injection.swift */ = {isa = PBXFileReference; lastKnownFileType = sourcecode.swift; path = "ViewModel+Injection.swift"; sourceTree = "<group>"; };
		D31103E22823ADE60021299B /* TreeListView.swift */ = {isa = PBXFileReference; lastKnownFileType = sourcecode.swift; path = TreeListView.swift; sourceTree = "<group>"; };
		D31103ED2823D00A0021299B /* TreeListRemoteRepository.swift */ = {isa = PBXFileReference; lastKnownFileType = sourcecode.swift; path = TreeListRemoteRepository.swift; sourceTree = "<group>"; };
		D31103EF2823D3E60021299B /* TreesRemoteRepositoryImpl.swift */ = {isa = PBXFileReference; lastKnownFileType = sourcecode.swift; path = TreesRemoteRepositoryImpl.swift; sourceTree = "<group>"; };
		D31353A92833987D006485B7 /* TreeItem.swift */ = {isa = PBXFileReference; lastKnownFileType = sourcecode.swift; path = TreeItem.swift; sourceTree = "<group>"; };
		D31353AB28339954006485B7 /* ClusterMapView.swift */ = {isa = PBXFileReference; lastKnownFileType = sourcecode.swift; path = ClusterMapView.swift; sourceTree = "<group>"; };
		D31353B12833A0D5006485B7 /* ClusterTreeAnnotationView.swift */ = {isa = PBXFileReference; lastKnownFileType = sourcecode.swift; path = ClusterTreeAnnotationView.swift; sourceTree = "<group>"; };
		D31353B32833A3D6006485B7 /* MapTreeItemAnnotationView.swift */ = {isa = PBXFileReference; lastKnownFileType = sourcecode.swift; path = MapTreeItemAnnotationView.swift; sourceTree = "<group>"; };
		D31353B72833D7D3006485B7 /* RemoteUser.swift */ = {isa = PBXFileReference; lastKnownFileType = sourcecode.swift; path = RemoteUser.swift; sourceTree = "<group>"; };
		D31353BA2833DC66006485B7 /* UsersRemoteRepositoryImpl.swift */ = {isa = PBXFileReference; lastKnownFileType = sourcecode.swift; path = UsersRemoteRepositoryImpl.swift; sourceTree = "<group>"; };
		D31353BF2833DD7E006485B7 /* UserRemoteRepository.swift */ = {isa = PBXFileReference; lastKnownFileType = sourcecode.swift; path = UserRemoteRepository.swift; sourceTree = "<group>"; };
		D31353C22833DDF0006485B7 /* User.swift */ = {isa = PBXFileReference; lastKnownFileType = sourcecode.swift; path = User.swift; sourceTree = "<group>"; };
		D31353C52833DE8D006485B7 /* UserUseCase.swift */ = {isa = PBXFileReference; lastKnownFileType = sourcecode.swift; path = UserUseCase.swift; sourceTree = "<group>"; };
		D31353C82833E374006485B7 /* AppButton.swift */ = {isa = PBXFileReference; lastKnownFileType = sourcecode.swift; path = AppButton.swift; sourceTree = "<group>"; };
		D31353CA2833E92D006485B7 /* DomainToData.swift */ = {isa = PBXFileReference; lastKnownFileType = sourcecode.swift; path = DomainToData.swift; sourceTree = "<group>"; };
		D314834428322E3300C40198 /* DirectionMapView.swift */ = {isa = PBXFileReference; lastKnownFileType = sourcecode.swift; path = DirectionMapView.swift; sourceTree = "<group>"; };
		D314834E2832497A00C40198 /* Helpers.swift */ = {isa = PBXFileReference; lastKnownFileType = sourcecode.swift; path = Helpers.swift; sourceTree = "<group>"; };
		D3251A6328375D080059DBA3 /* LoginView.swift */ = {isa = PBXFileReference; lastKnownFileType = sourcecode.swift; path = LoginView.swift; sourceTree = "<group>"; };
		D3251A722837C1290059DBA3 /* App+Injection.swift */ = {isa = PBXFileReference; lastKnownFileType = sourcecode.swift; path = "App+Injection.swift"; sourceTree = "<group>"; };
		D32CD605282A349D00C7FC80 /* MainTabView.swift */ = {isa = PBXFileReference; lastKnownFileType = sourcecode.swift; path = MainTabView.swift; sourceTree = "<group>"; };
		D32CD608282A34D400C7FC80 /* MapView.swift */ = {isa = PBXFileReference; lastKnownFileType = sourcecode.swift; path = MapView.swift; sourceTree = "<group>"; };
		D32CD60A282A4BAF00C7FC80 /* TreeGetterListViewModel.swift */ = {isa = PBXFileReference; lastKnownFileType = sourcecode.swift; path = TreeGetterListViewModel.swift; sourceTree = "<group>"; };
		D32CD610282A517800C7FC80 /* CoreDataStack.swift */ = {isa = PBXFileReference; lastKnownFileType = sourcecode.swift; path = CoreDataStack.swift; sourceTree = "<group>"; };
		D32CD613282A55E400C7FC80 /* CleanTreeList.xcdatamodel */ = {isa = PBXFileReference; lastKnownFileType = wrapper.xcdatamodel; path = CleanTreeList.xcdatamodel; sourceTree = "<group>"; };
		D32CD61A282A5E2300C7FC80 /* CDGeolocatedTree+CoreDataClass.swift */ = {isa = PBXFileReference; lastKnownFileType = sourcecode.swift; path = "CDGeolocatedTree+CoreDataClass.swift"; sourceTree = "<group>"; };
		D32CD61B282A5E2300C7FC80 /* CDGeolocatedTree+CoreDataProperties.swift */ = {isa = PBXFileReference; lastKnownFileType = sourcecode.swift; path = "CDGeolocatedTree+CoreDataProperties.swift"; sourceTree = "<group>"; };
		D32CD622282A6C1900C7FC80 /* CDTree+CoreDataClass.swift */ = {isa = PBXFileReference; lastKnownFileType = sourcecode.swift; path = "CDTree+CoreDataClass.swift"; sourceTree = "<group>"; };
		D32CD623282A6C1900C7FC80 /* CDTree+CoreDataProperties.swift */ = {isa = PBXFileReference; lastKnownFileType = sourcecode.swift; path = "CDTree+CoreDataProperties.swift"; sourceTree = "<group>"; };
		D32CD62A282AA8F600C7FC80 /* ErrorView.swift */ = {isa = PBXFileReference; lastKnownFileType = sourcecode.swift; path = ErrorView.swift; sourceTree = "<group>"; };
		D32CD62C282B8ADC00C7FC80 /* Urls.swift */ = {isa = PBXFileReference; lastKnownFileType = sourcecode.swift; path = Urls.swift; sourceTree = "<group>"; };
		D32CD62E282B8F2900C7FC80 /* TreeLocalDataSource.swift */ = {isa = PBXFileReference; lastKnownFileType = sourcecode.swift; path = TreeLocalDataSource.swift; sourceTree = "<group>"; };
		D32CD631282B906E00C7FC80 /* TreeLocalImpl.swift */ = {isa = PBXFileReference; lastKnownFileType = sourcecode.swift; path = TreeLocalImpl.swift; sourceTree = "<group>"; };
		D32CD633282B982800C7FC80 /* NetworkMonitor.swift */ = {isa = PBXFileReference; lastKnownFileType = sourcecode.swift; path = NetworkMonitor.swift; sourceTree = "<group>"; };
		D32CD636282BAAC500C7FC80 /* ConnectionStatusView.swift */ = {isa = PBXFileReference; lastKnownFileType = sourcecode.swift; path = ConnectionStatusView.swift; sourceTree = "<group>"; };
		D333B12E283B6EFF00407168 /* RealmGeolocatedTree.swift */ = {isa = PBXFileReference; lastKnownFileType = sourcecode.swift; path = RealmGeolocatedTree.swift; sourceTree = "<group>"; };
		D333B130283B6F0F00407168 /* RealmTree.swift */ = {isa = PBXFileReference; lastKnownFileType = sourcecode.swift; path = RealmTree.swift; sourceTree = "<group>"; };
		D333B132283B750C00407168 /* RealmManager.swift */ = {isa = PBXFileReference; lastKnownFileType = sourcecode.swift; path = RealmManager.swift; sourceTree = "<group>"; };
		D333B134283B860B00407168 /* TreeRealmImpl.swift */ = {isa = PBXFileReference; lastKnownFileType = sourcecode.swift; path = TreeRealmImpl.swift; sourceTree = "<group>"; };
		D333B136283B865400407168 /* TreeRealmDataSource.swift */ = {isa = PBXFileReference; lastKnownFileType = sourcecode.swift; path = TreeRealmDataSource.swift; sourceTree = "<group>"; };
		D333B13A283BB21E00407168 /* TreeRealmRepositoryImpl.swift */ = {isa = PBXFileReference; lastKnownFileType = sourcecode.swift; path = TreeRealmRepositoryImpl.swift; sourceTree = "<group>"; };
		D333B13C283BB23700407168 /* TreeListRealmRepository.swift */ = {isa = PBXFileReference; lastKnownFileType = sourcecode.swift; path = TreeListRealmRepository.swift; sourceTree = "<group>"; };
		D34199E72829096400DB45B0 /* TreeItemView.swift */ = {isa = PBXFileReference; lastKnownFileType = sourcecode.swift; path = TreeItemView.swift; sourceTree = "<group>"; };
		D34199E92829103400DB45B0 /* TreeListComponentView.swift */ = {isa = PBXFileReference; lastKnownFileType = sourcecode.swift; path = TreeListComponentView.swift; sourceTree = "<group>"; };
		D347DD92282E478E004311FE /* TreeListViewModel.swift */ = {isa = PBXFileReference; lastKnownFileType = sourcecode.swift; path = TreeListViewModel.swift; sourceTree = "<group>"; };
		D347DD95282E51C4004311FE /* MapAnnotationView.swift */ = {isa = PBXFileReference; lastKnownFileType = sourcecode.swift; path = MapAnnotationView.swift; sourceTree = "<group>"; };
		D347DD97282E5C14004311FE /* BlankBlurView.swift */ = {isa = PBXFileReference; lastKnownFileType = sourcecode.swift; path = BlankBlurView.swift; sourceTree = "<group>"; };
		D347DD99282E5E30004311FE /* MapTreeDetailsView.swift */ = {isa = PBXFileReference; lastKnownFileType = sourcecode.swift; path = MapTreeDetailsView.swift; sourceTree = "<group>"; };
		D347DD9B282E61D4004311FE /* MapViewModel.swift */ = {isa = PBXFileReference; lastKnownFileType = sourcecode.swift; path = MapViewModel.swift; sourceTree = "<group>"; };
		D347DDA0282E7E26004311FE /* fr */ = {isa = PBXFileReference; lastKnownFileType = text.plist.stringsdict; name = fr; path = fr.lproj/Localizable.stringsdict; sourceTree = "<group>"; };
		D347DDA3282E859B004311FE /* MultipleStringFormatter.swift */ = {isa = PBXFileReference; lastKnownFileType = sourcecode.swift; path = MultipleStringFormatter.swift; sourceTree = "<group>"; };
		D347DDA6282E8EA7004311FE /* UsersView.swift */ = {isa = PBXFileReference; lastKnownFileType = sourcecode.swift; path = UsersView.swift; sourceTree = "<group>"; };
		D347DDA9282E8F81004311FE /* UsersAPIImpl.swift */ = {isa = PBXFileReference; lastKnownFileType = sourcecode.swift; path = UsersAPIImpl.swift; sourceTree = "<group>"; };
		D347DDAE282E9205004311FE /* UsersRemoteDataSource.swift */ = {isa = PBXFileReference; lastKnownFileType = sourcecode.swift; path = UsersRemoteDataSource.swift; sourceTree = "<group>"; };
		D347DDB0282E988A004311FE /* AddPersonView.swift */ = {isa = PBXFileReference; lastKnownFileType = sourcecode.swift; path = AddPersonView.swift; sourceTree = "<group>"; };
		D347DDB2282E9A34004311FE /* UsersViewModel.swift */ = {isa = PBXFileReference; lastKnownFileType = sourcecode.swift; path = UsersViewModel.swift; sourceTree = "<group>"; };
		D347DDB4282E9B52004311FE /* UnderlineTextField.swift */ = {isa = PBXFileReference; lastKnownFileType = sourcecode.swift; path = UnderlineTextField.swift; sourceTree = "<group>"; };
		D347DDB9282E9D3B004311FE /* CheckBoxStyle.swift */ = {isa = PBXFileReference; lastKnownFileType = sourcecode.swift; path = CheckBoxStyle.swift; sourceTree = "<group>"; };
		D347DDBB282EA0AE004311FE /* SelectorBoxStyle.swift */ = {isa = PBXFileReference; lastKnownFileType = sourcecode.swift; path = SelectorBoxStyle.swift; sourceTree = "<group>"; };
		D347DDBD282EA4E4004311FE /* BindingInverter.swift */ = {isa = PBXFileReference; lastKnownFileType = sourcecode.swift; path = BindingInverter.swift; sourceTree = "<group>"; };
		D347DDBF282EA619004311FE /* FormTextField.swift */ = {isa = PBXFileReference; lastKnownFileType = sourcecode.swift; path = FormTextField.swift; sourceTree = "<group>"; };
		D347DDC2282EA886004311FE /* SexeSelector.swift */ = {isa = PBXFileReference; lastKnownFileType = sourcecode.swift; path = SexeSelector.swift; sourceTree = "<group>"; };
		D347DDC4282EACFB004311FE /* CheckBox.swift */ = {isa = PBXFileReference; lastKnownFileType = sourcecode.swift; path = CheckBox.swift; sourceTree = "<group>"; };
		D357B8A7283E315500FA2C97 /* TreeUseCase.swift */ = {isa = PBXFileReference; lastKnownFileType = sourcecode.swift; path = TreeUseCase.swift; sourceTree = "<group>"; };
		D357B8A9283E559300FA2C97 /* UseCaseError.swift */ = {isa = PBXFileReference; lastKnownFileType = sourcecode.swift; path = UseCaseError.swift; sourceTree = "<group>"; };
		D357B8AB283E570900FA2C97 /* UseCase+Injection.swift */ = {isa = PBXFileReference; lastKnownFileType = sourcecode.swift; path = "UseCase+Injection.swift"; sourceTree = "<group>"; };
		D37C2E212847532F00A0BDEC /* TreesRemoteRepositoryImplSpec.swift */ = {isa = PBXFileReference; lastKnownFileType = sourcecode.swift; path = TreesRemoteRepositoryImplSpec.swift; sourceTree = "<group>"; };
		D37C2E24284762B500A0BDEC /* TReeUseCaseSpec.swift */ = {isa = PBXFileReference; lastKnownFileType = sourcecode.swift; path = TReeUseCaseSpec.swift; sourceTree = "<group>"; };
		D37F7A04282167E200E73EB4 /* CleanTreeList.app */ = {isa = PBXFileReference; explicitFileType = wrapper.application; includeInIndex = 0; path = CleanTreeList.app; sourceTree = BUILT_PRODUCTS_DIR; };
		D37F7A07282167E200E73EB4 /* CleanTreeListApp.swift */ = {isa = PBXFileReference; lastKnownFileType = sourcecode.swift; path = CleanTreeListApp.swift; sourceTree = "<group>"; };
		D37F7A0B282167E200E73EB4 /* Assets.xcassets */ = {isa = PBXFileReference; lastKnownFileType = folder.assetcatalog; path = Assets.xcassets; sourceTree = "<group>"; };
		D37F7A0E282167E200E73EB4 /* Preview Assets.xcassets */ = {isa = PBXFileReference; lastKnownFileType = folder.assetcatalog; path = "Preview Assets.xcassets"; sourceTree = "<group>"; };
		D387000F283E143F002D414E /* DomainToRealm.swift */ = {isa = PBXFileReference; lastKnownFileType = sourcecode.swift; path = DomainToRealm.swift; sourceTree = "<group>"; };
		D387005B283E256F002D414E /* Repository+Injection.swift */ = {isa = PBXFileReference; lastKnownFileType = sourcecode.swift; path = "Repository+Injection.swift"; sourceTree = "<group>"; };
		D3AA66BF2823917800862D43 /* trees.json */ = {isa = PBXFileReference; fileEncoding = 4; lastKnownFileType = text.json; path = trees.json; sourceTree = "<group>"; };
		D3AA66C72823928E00862D43 /* Record.swift */ = {isa = PBXFileReference; lastKnownFileType = sourcecode.swift; path = Record.swift; sourceTree = "<group>"; };
		D3B0075F2834CB8400030C9E /* UserResponseError.swift */ = {isa = PBXFileReference; lastKnownFileType = sourcecode.swift; path = UserResponseError.swift; sourceTree = "<group>"; };
		D3B00763283516DC00030C9E /* Regex.swift */ = {isa = PBXFileReference; lastKnownFileType = sourcecode.swift; path = Regex.swift; sourceTree = "<group>"; };
		D3B0076628351BAB00030C9E /* LocalizeError.swift */ = {isa = PBXFileReference; lastKnownFileType = sourcecode.swift; path = LocalizeError.swift; sourceTree = "<group>"; };
		D3B0076828362FBD00030C9E /* IsHiddenBinding.swift */ = {isa = PBXFileReference; lastKnownFileType = sourcecode.swift; path = IsHiddenBinding.swift; sourceTree = "<group>"; };
		D3B0076A283636B000030C9E /* HideKeyboard.swift */ = {isa = PBXFileReference; lastKnownFileType = sourcecode.swift; path = HideKeyboard.swift; sourceTree = "<group>"; };
		D3B0076C28363AC600030C9E /* PasswordTipsView.swift */ = {isa = PBXFileReference; lastKnownFileType = sourcecode.swift; path = PasswordTipsView.swift; sourceTree = "<group>"; };
		D3B0076F28363D9B00030C9E /* CheckPassword.swift */ = {isa = PBXFileReference; lastKnownFileType = sourcecode.swift; path = CheckPassword.swift; sourceTree = "<group>"; };
		D3B007722836693D00030C9E /* CheckPostFields.swift */ = {isa = PBXFileReference; lastKnownFileType = sourcecode.swift; path = CheckPostFields.swift; sourceTree = "<group>"; };
		D3C57B3A282395A20028E4EB /* TreeRemoteImpl.swift */ = {isa = PBXFileReference; lastKnownFileType = sourcecode.swift; path = TreeRemoteImpl.swift; sourceTree = "<group>"; };
		D3C57B3C282395BF0028E4EB /* TreeRemoteDataSource.swift */ = {isa = PBXFileReference; lastKnownFileType = sourcecode.swift; path = TreeRemoteDataSource.swift; sourceTree = "<group>"; };
		D3C57B3E282396630028E4EB /* Tree.swift */ = {isa = PBXFileReference; lastKnownFileType = sourcecode.swift; path = Tree.swift; sourceTree = "<group>"; };
		D3C57B40282396E50028E4EB /* GeolocatedTree.swift */ = {isa = PBXFileReference; lastKnownFileType = sourcecode.swift; path = GeolocatedTree.swift; sourceTree = "<group>"; };
		D3C57B42282398960028E4EB /* APIServiceError.swift */ = {isa = PBXFileReference; lastKnownFileType = sourcecode.swift; path = APIServiceError.swift; sourceTree = "<group>"; };
		D3C57B4428239D2F0028E4EB /* DataToDomain.swift */ = {isa = PBXFileReference; lastKnownFileType = sourcecode.swift; path = DataToDomain.swift; sourceTree = "<group>"; };
		D3D691F32840D7B000C28C66 /* TreeUseCase_Tests.swift */ = {isa = PBXFileReference; lastKnownFileType = sourcecode.swift; path = TreeUseCase_Tests.swift; sourceTree = "<group>"; };
		D3D691F728410F0600C28C66 /* UITestingBootcampView.swift */ = {isa = PBXFileReference; lastKnownFileType = sourcecode.swift; path = UITestingBootcampView.swift; sourceTree = "<group>"; };
		D3D691FF2841121100C28C66 /* CleanTreeListUITests.xctest */ = {isa = PBXFileReference; explicitFileType = wrapper.cfbundle; includeInIndex = 0; path = CleanTreeListUITests.xctest; sourceTree = BUILT_PRODUCTS_DIR; };
		D3D692012841121100C28C66 /* CleanTreeListUITests.swift */ = {isa = PBXFileReference; lastKnownFileType = sourcecode.swift; path = CleanTreeListUITests.swift; sourceTree = "<group>"; };
		D3D692032841121100C28C66 /* CleanTreeListUITestsLaunchTests.swift */ = {isa = PBXFileReference; lastKnownFileType = sourcecode.swift; path = CleanTreeListUITestsLaunchTests.swift; sourceTree = "<group>"; };
		D3D7E27D282BDD2200284215 /* TreeCDDataSource.swift */ = {isa = PBXFileReference; lastKnownFileType = sourcecode.swift; path = TreeCDDataSource.swift; sourceTree = "<group>"; };
		D3D7E27F282BEA6C00284215 /* TreeCDImpl.swift */ = {isa = PBXFileReference; lastKnownFileType = sourcecode.swift; path = TreeCDImpl.swift; sourceTree = "<group>"; };
		D3D7E283282BF6ED00284215 /* TreesCDRepositoryImpl.swift */ = {isa = PBXFileReference; lastKnownFileType = sourcecode.swift; path = TreesCDRepositoryImpl.swift; sourceTree = "<group>"; };
		D3D7E287282CDCBB00284215 /* TreeListCDRepository.swift */ = {isa = PBXFileReference; lastKnownFileType = sourcecode.swift; path = TreeListCDRepository.swift; sourceTree = "<group>"; };
		D3D7E289282D25E300284215 /* DomainToCoreData.swift */ = {isa = PBXFileReference; lastKnownFileType = sourcecode.swift; path = DomainToCoreData.swift; sourceTree = "<group>"; };
		D3D7E295282D3E4100284215 /* fr */ = {isa = PBXFileReference; lastKnownFileType = text.plist.strings; name = fr; path = fr.lproj/Localizable.strings; sourceTree = "<group>"; };
		D3E28410283CC0FE005FCF66 /* CleanTreeList_Tests.xctest */ = {isa = PBXFileReference; explicitFileType = wrapper.cfbundle; includeInIndex = 0; path = CleanTreeList_Tests.xctest; sourceTree = BUILT_PRODUCTS_DIR; };
		D3E28419283CCBC6005FCF66 /* TreesRemoteRepositoryImpl_Tests.swift */ = {isa = PBXFileReference; lastKnownFileType = sourcecode.swift; path = TreesRemoteRepositoryImpl_Tests.swift; sourceTree = "<group>"; };
		D3E40B46282502FC00025D14 /* CodableBundleExtension.swift */ = {isa = PBXFileReference; lastKnownFileType = sourcecode.swift; path = CodableBundleExtension.swift; sourceTree = "<group>"; };
		D3E40B48282506B800025D14 /* JSONDecodeError.swift */ = {isa = PBXFileReference; lastKnownFileType = sourcecode.swift; path = JSONDecodeError.swift; sourceTree = "<group>"; };
		D3E40B4B2825224500025D14 /* ApiManager.swift */ = {isa = PBXFileReference; lastKnownFileType = sourcecode.swift; path = ApiManager.swift; sourceTree = "<group>"; };
		E79E0D4569CA7598FF88F772 /* Pods_CleanTreeList_CleanTreeListUITests.framework */ = {isa = PBXFileReference; explicitFileType = wrapper.framework; includeInIndex = 0; path = Pods_CleanTreeList_CleanTreeListUITests.framework; sourceTree = BUILT_PRODUCTS_DIR; };
/* End PBXFileReference section */

/* Begin PBXFrameworksBuildPhase section */
		D37F7A01282167E200E73EB4 /* Frameworks */ = {
			isa = PBXFrameworksBuildPhase;
			buildActionMask = 2147483647;
			files = (
				D31E7DC92838294900FF3700 /* RealmSwift in Frameworks */,
				D31E7DC72838294900FF3700 /* Realm in Frameworks */,
				D3251A702837C0F00059DBA3 /* Resolver in Frameworks */,
				F2840FF9A1C073FB8189BA0B /* Pods_CleanTreeList.framework in Frameworks */,
			);
			runOnlyForDeploymentPostprocessing = 0;
		};
		D3D691FC2841121100C28C66 /* Frameworks */ = {
			isa = PBXFrameworksBuildPhase;
			buildActionMask = 2147483647;
			files = (
				03C03DB21B17A0F5DC74057D /* Pods_CleanTreeList_CleanTreeListUITests.framework in Frameworks */,
			);
			runOnlyForDeploymentPostprocessing = 0;
		};
		D3E2840D283CC0FE005FCF66 /* Frameworks */ = {
			isa = PBXFrameworksBuildPhase;
			buildActionMask = 2147483647;
			files = (
				B0DD57ECA4F8AFCC558EB438 /* Pods_CleanTreeList_Tests.framework in Frameworks */,
			);
			runOnlyForDeploymentPostprocessing = 0;
		};
/* End PBXFrameworksBuildPhase section */

/* Begin PBXGroup section */
		69A62587E889D1D6BC00CBB0 /* Pods */ = {
			isa = PBXGroup;
			children = (
				7E399210D9D3712CBCD3F586 /* Pods-CleanTreeList.debug.xcconfig */,
				28715E1844EB9A8E92A1D2BA /* Pods-CleanTreeList.release.xcconfig */,
				C6E721C132B0EA6549C68497 /* Pods-CleanTreeList-CleanTreeListUITests.debug.xcconfig */,
				900465212963B3C00623059A /* Pods-CleanTreeList-CleanTreeListUITests.release.xcconfig */,
				7B8A627D3E8931C96E03AACE /* Pods-CleanTreeList_Tests.debug.xcconfig */,
				2B5084A50267C1621F157761 /* Pods-CleanTreeList_Tests.release.xcconfig */,
			);
			path = Pods;
			sourceTree = "<group>";
		};
		8EFF52B6A02B1E50085BB8EC /* Frameworks */ = {
			isa = PBXGroup;
			children = (
				4742FB4C20A6EFFBFD2759B5 /* Pods_CleanTreeList.framework */,
				E79E0D4569CA7598FF88F772 /* Pods_CleanTreeList_CleanTreeListUITests.framework */,
				19F64E384AA17A94B1448F95 /* Pods_CleanTreeList_Tests.framework */,
			);
			name = Frameworks;
			sourceTree = "<group>";
		};
		D31103E82823AE9D0021299B /* TreeList */ = {
			isa = PBXGroup;
			children = (
				D357B8A7283E315500FA2C97 /* TreeUseCase.swift */,
			);
			path = TreeList;
			sourceTree = "<group>";
		};
		D31353AE28339989006485B7 /* Cluster */ = {
			isa = PBXGroup;
			children = (
				D31353A92833987D006485B7 /* TreeItem.swift */,
				D31353B12833A0D5006485B7 /* ClusterTreeAnnotationView.swift */,
				D31353B32833A3D6006485B7 /* MapTreeItemAnnotationView.swift */,
				D314834E2832497A00C40198 /* Helpers.swift */,
			);
			path = Cluster;
			sourceTree = "<group>";
		};
		D31353B52833D6E5006485B7 /* Tree */ = {
			isa = PBXGroup;
			children = (
				D3AA66C72823928E00862D43 /* Record.swift */,
			);
			path = Tree;
			sourceTree = "<group>";
		};
		D31353B62833D6F2006485B7 /* Users */ = {
			isa = PBXGroup;
			children = (
				D3B0075F2834CB8400030C9E /* UserResponseError.swift */,
				D31353B72833D7D3006485B7 /* RemoteUser.swift */,
			);
			path = Users;
			sourceTree = "<group>";
		};
		D31353B92833DC42006485B7 /* User */ = {
			isa = PBXGroup;
			children = (
				D31353BA2833DC66006485B7 /* UsersRemoteRepositoryImpl.swift */,
			);
			path = User;
			sourceTree = "<group>";
		};
		D31353BC2833DCF1006485B7 /* Tree */ = {
			isa = PBXGroup;
			children = (
				D31103ED2823D00A0021299B /* TreeListRemoteRepository.swift */,
				D3D7E287282CDCBB00284215 /* TreeListCDRepository.swift */,
				D333B13C283BB23700407168 /* TreeListRealmRepository.swift */,
			);
			path = Tree;
			sourceTree = "<group>";
		};
		D31353BD2833DD31006485B7 /* Tree */ = {
			isa = PBXGroup;
			children = (
				D3C57B3E282396630028E4EB /* Tree.swift */,
				D3C57B40282396E50028E4EB /* GeolocatedTree.swift */,
			);
			path = Tree;
			sourceTree = "<group>";
		};
		D31353BE2833DD69006485B7 /* User */ = {
			isa = PBXGroup;
			children = (
				D31353BF2833DD7E006485B7 /* UserRemoteRepository.swift */,
			);
			path = User;
			sourceTree = "<group>";
		};
		D31353C12833DDE8006485B7 /* User */ = {
			isa = PBXGroup;
			children = (
				D31353C22833DDF0006485B7 /* User.swift */,
				D3B007712836691F00030C9E /* CheckField */,
			);
			path = User;
			sourceTree = "<group>";
		};
		D31353C42833DE7B006485B7 /* User */ = {
			isa = PBXGroup;
			children = (
				D31353C52833DE8D006485B7 /* UserUseCase.swift */,
			);
			path = User;
			sourceTree = "<group>";
		};
		D31353C72833E34B006485B7 /* MainComponent */ = {
			isa = PBXGroup;
			children = (
				D31353C82833E374006485B7 /* AppButton.swift */,
			);
			path = MainComponent;
			sourceTree = "<group>";
		};
		D3251A6228375CFA0059DBA3 /* Login */ = {
			isa = PBXGroup;
			children = (
				D3251A6328375D080059DBA3 /* LoginView.swift */,
			);
			path = Login;
			sourceTree = "<group>";
		};
		D3251A712837C1160059DBA3 /* Injection */ = {
			isa = PBXGroup;
			children = (
				D3251A722837C1290059DBA3 /* App+Injection.swift */,
				D387005B283E256F002D414E /* Repository+Injection.swift */,
				D357B8AB283E570900FA2C97 /* UseCase+Injection.swift */,
				D3088944283EA51900305A64 /* ViewModel+Injection.swift */,
			);
			path = Injection;
			sourceTree = "<group>";
		};
		D32CD604282A348300C7FC80 /* MainTab */ = {
			isa = PBXGroup;
			children = (
				D32CD605282A349D00C7FC80 /* MainTabView.swift */,
				D32CD60A282A4BAF00C7FC80 /* TreeGetterListViewModel.swift */,
				D32CD629282AA8E100C7FC80 /* Component */,
			);
			path = MainTab;
			sourceTree = "<group>";
		};
		D32CD607282A34C200C7FC80 /* Map */ = {
			isa = PBXGroup;
			children = (
				D347DD9B282E61D4004311FE /* MapViewModel.swift */,
				D32CD608282A34D400C7FC80 /* MapView.swift */,
				D31353AB28339954006485B7 /* ClusterMapView.swift */,
				D314834428322E3300C40198 /* DirectionMapView.swift */,
				D347DD94282E51B2004311FE /* Component */,
			);
			path = Map;
			sourceTree = "<group>";
		};
		D32CD60C282A50EB00C7FC80 /* CoreDataStorage */ = {
			isa = PBXGroup;
			children = (
				D3D7E27F282BEA6C00284215 /* TreeCDImpl.swift */,
				D32CD610282A517800C7FC80 /* CoreDataStack.swift */,
				D32CD615282A5A6B00C7FC80 /* CoreDataModels */,
				D32CD612282A55E400C7FC80 /* CleanTreeList.xcdatamodeld */,
			);
			path = CoreDataStorage;
			sourceTree = "<group>";
		};
		D32CD615282A5A6B00C7FC80 /* CoreDataModels */ = {
			isa = PBXGroup;
			children = (
				D32CD622282A6C1900C7FC80 /* CDTree+CoreDataClass.swift */,
				D32CD623282A6C1900C7FC80 /* CDTree+CoreDataProperties.swift */,
				D32CD61A282A5E2300C7FC80 /* CDGeolocatedTree+CoreDataClass.swift */,
				D32CD61B282A5E2300C7FC80 /* CDGeolocatedTree+CoreDataProperties.swift */,
				D3D7E289282D25E300284215 /* DomainToCoreData.swift */,
			);
			path = CoreDataModels;
			sourceTree = "<group>";
		};
		D32CD626282A925900C7FC80 /* PersistentStorages */ = {
			isa = PBXGroup;
			children = (
				D333B12C283B6E6D00407168 /* RealmStorage */,
				D32CD60C282A50EB00C7FC80 /* CoreDataStorage */,
			);
			path = PersistentStorages;
			sourceTree = "<group>";
		};
		D32CD629282AA8E100C7FC80 /* Component */ = {
			isa = PBXGroup;
			children = (
				D32CD62A282AA8F600C7FC80 /* ErrorView.swift */,
			);
			path = Component;
			sourceTree = "<group>";
		};
		D32CD630282B903400C7FC80 /* Local */ = {
			isa = PBXGroup;
			children = (
				D32CD631282B906E00C7FC80 /* TreeLocalImpl.swift */,
				D3E40B44282502D400025D14 /* Extension */,
			);
			path = Local;
			sourceTree = "<group>";
		};
		D32CD635282B9DDF00C7FC80 /* Utils */ = {
			isa = PBXGroup;
			children = (
				D347DDB8282E9D29004311FE /* UI */,
				D32CD633282B982800C7FC80 /* NetworkMonitor.swift */,
				D347DDA3282E859B004311FE /* MultipleStringFormatter.swift */,
				D347DDBD282EA4E4004311FE /* BindingInverter.swift */,
				D3B00763283516DC00030C9E /* Regex.swift */,
				D3B0076828362FBD00030C9E /* IsHiddenBinding.swift */,
				D3B0076A283636B000030C9E /* HideKeyboard.swift */,
			);
			path = Utils;
			sourceTree = "<group>";
		};
		D333B12C283B6E6D00407168 /* RealmStorage */ = {
			isa = PBXGroup;
			children = (
				D333B132283B750C00407168 /* RealmManager.swift */,
				D333B134283B860B00407168 /* TreeRealmImpl.swift */,
				D333B12D283B6EE700407168 /* RealmModels */,
			);
			path = RealmStorage;
			sourceTree = "<group>";
		};
		D333B12D283B6EE700407168 /* RealmModels */ = {
			isa = PBXGroup;
			children = (
				D333B130283B6F0F00407168 /* RealmTree.swift */,
				D333B12E283B6EFF00407168 /* RealmGeolocatedTree.swift */,
				D387000F283E143F002D414E /* DomainToRealm.swift */,
			);
			path = RealmModels;
			sourceTree = "<group>";
		};
		D34199E62829094000DB45B0 /* Component */ = {
			isa = PBXGroup;
			children = (
				D34199E92829103400DB45B0 /* TreeListComponentView.swift */,
				D34199E72829096400DB45B0 /* TreeItemView.swift */,
				D32CD636282BAAC500C7FC80 /* ConnectionStatusView.swift */,
			);
			path = Component;
			sourceTree = "<group>";
		};
		D347DD94282E51B2004311FE /* Component */ = {
			isa = PBXGroup;
			children = (
				D31353AE28339989006485B7 /* Cluster */,
				D347DD95282E51C4004311FE /* MapAnnotationView.swift */,
				D347DD97282E5C14004311FE /* BlankBlurView.swift */,
				D347DD99282E5E30004311FE /* MapTreeDetailsView.swift */,
			);
			path = Component;
			sourceTree = "<group>";
		};
		D347DDA5282E8E8E004311FE /* Users */ = {
			isa = PBXGroup;
			children = (
				D347DDB2282E9A34004311FE /* UsersViewModel.swift */,
				D347DDA6282E8EA7004311FE /* UsersView.swift */,
				D347DDB0282E988A004311FE /* AddPersonView.swift */,
				D347DDC1282EA61D004311FE /* Components */,
			);
			path = Users;
			sourceTree = "<group>";
		};
		D347DDA8282E8F59004311FE /* Implementation */ = {
			isa = PBXGroup;
			children = (
				D3C57B3A282395A20028E4EB /* TreeRemoteImpl.swift */,
				D347DDA9282E8F81004311FE /* UsersAPIImpl.swift */,
			);
			path = Implementation;
			sourceTree = "<group>";
		};
		D347DDAB282E91CA004311FE /* Tree */ = {
			isa = PBXGroup;
			children = (
				D3C57B3C282395BF0028E4EB /* TreeRemoteDataSource.swift */,
				D32CD62E282B8F2900C7FC80 /* TreeLocalDataSource.swift */,
				D3D7E27D282BDD2200284215 /* TreeCDDataSource.swift */,
				D333B136283B865400407168 /* TreeRealmDataSource.swift */,
			);
			path = Tree;
			sourceTree = "<group>";
		};
		D347DDAC282E91DE004311FE /* Tree */ = {
			isa = PBXGroup;
			children = (
				D31103EF2823D3E60021299B /* TreesRemoteRepositoryImpl.swift */,
				D3D7E283282BF6ED00284215 /* TreesCDRepositoryImpl.swift */,
				D333B13A283BB21E00407168 /* TreeRealmRepositoryImpl.swift */,
			);
			path = Tree;
			sourceTree = "<group>";
		};
		D347DDAD282E91F0004311FE /* Users */ = {
			isa = PBXGroup;
			children = (
				D347DDAE282E9205004311FE /* UsersRemoteDataSource.swift */,
			);
			path = Users;
			sourceTree = "<group>";
		};
		D347DDB8282E9D29004311FE /* UI */ = {
			isa = PBXGroup;
			children = (
				D347DDB4282E9B52004311FE /* UnderlineTextField.swift */,
				D347DDB9282E9D3B004311FE /* CheckBoxStyle.swift */,
				D347DDBB282EA0AE004311FE /* SelectorBoxStyle.swift */,
			);
			path = UI;
			sourceTree = "<group>";
		};
		D347DDC1282EA61D004311FE /* Components */ = {
			isa = PBXGroup;
			children = (
				D347DDBF282EA619004311FE /* FormTextField.swift */,
				D347DDC2282EA886004311FE /* SexeSelector.swift */,
				D347DDC4282EACFB004311FE /* CheckBox.swift */,
				D3B0076C28363AC600030C9E /* PasswordTipsView.swift */,
			);
			path = Components;
			sourceTree = "<group>";
		};
		D37C2E232847629800A0BDEC /* Quick */ = {
			isa = PBXGroup;
			children = (
				D37C2E212847532F00A0BDEC /* TreesRemoteRepositoryImplSpec.swift */,
				D37C2E24284762B500A0BDEC /* TReeUseCaseSpec.swift */,
			);
			path = Quick;
			sourceTree = "<group>";
		};
		D37F79FB282167E200E73EB4 = {
			isa = PBXGroup;
			children = (
				D37F7A06282167E200E73EB4 /* CleanTreeList */,
				D3E28411283CC0FE005FCF66 /* CleanTreeList_Tests */,
				D3D692002841121100C28C66 /* CleanTreeListUITests */,
				D37F7A05282167E200E73EB4 /* Products */,
				69A62587E889D1D6BC00CBB0 /* Pods */,
				8EFF52B6A02B1E50085BB8EC /* Frameworks */,
			);
			sourceTree = "<group>";
		};
		D37F7A05282167E200E73EB4 /* Products */ = {
			isa = PBXGroup;
			children = (
				D37F7A04282167E200E73EB4 /* CleanTreeList.app */,
				D3E28410283CC0FE005FCF66 /* CleanTreeList_Tests.xctest */,
				D3D691FF2841121100C28C66 /* CleanTreeListUITests.xctest */,
			);
			name = Products;
			sourceTree = "<group>";
		};
		D37F7A06282167E200E73EB4 /* CleanTreeList */ = {
			isa = PBXGroup;
			children = (
				D3251A712837C1160059DBA3 /* Injection */,
				D37F7A15282167FE00E73EB4 /* Core */,
				D37F7A182821681200E73EB4 /* Presentation */,
				D37F7A172821680C00E73EB4 /* Domain */,
				D37F7A162821680400E73EB4 /* Data */,
				D32CD635282B9DDF00C7FC80 /* Utils */,
				D3AA66BC282390F400862D43 /* Ressources */,
			);
			path = CleanTreeList;
			sourceTree = "<group>";
		};
		D37F7A0D282167E200E73EB4 /* Preview Content */ = {
			isa = PBXGroup;
			children = (
				D37F7A0E282167E200E73EB4 /* Preview Assets.xcassets */,
			);
			path = "Preview Content";
			sourceTree = "<group>";
		};
		D37F7A15282167FE00E73EB4 /* Core */ = {
			isa = PBXGroup;
			children = (
				D37F7A07282167E200E73EB4 /* CleanTreeListApp.swift */,
			);
			path = Core;
			sourceTree = "<group>";
		};
		D37F7A162821680400E73EB4 /* Data */ = {
			isa = PBXGroup;
			children = (
				D3AA66C42823921E00862D43 /* Repository */,
				D3AA66C52823923000862D43 /* DataSource */,
				D3C57B39282395890028E4EB /* API */,
				D32CD630282B903400C7FC80 /* Local */,
				D32CD626282A925900C7FC80 /* PersistentStorages */,
				D3AA66C62823927F00862D43 /* Models */,
			);
			path = Data;
			sourceTree = "<group>";
		};
		D37F7A172821680C00E73EB4 /* Domain */ = {
			isa = PBXGroup;
			children = (
				D37F7A1A2821683E00E73EB4 /* Repository */,
				D37F7A1D2821686400E73EB4 /* UseCase */,
				D37F7A192821683800E73EB4 /* Model */,
			);
			path = Domain;
			sourceTree = "<group>";
		};
		D37F7A182821681200E73EB4 /* Presentation */ = {
			isa = PBXGroup;
			children = (
				D31353C72833E34B006485B7 /* MainComponent */,
				D3251A6228375CFA0059DBA3 /* Login */,
				D32CD604282A348300C7FC80 /* MainTab */,
				D3C57B4628239DE10028E4EB /* Tree */,
				D32CD607282A34C200C7FC80 /* Map */,
				D347DDA5282E8E8E004311FE /* Users */,
				D3D691F728410F0600C28C66 /* UITestingBootcampView.swift */,
			);
			path = Presentation;
			sourceTree = "<group>";
		};
		D37F7A192821683800E73EB4 /* Model */ = {
			isa = PBXGroup;
			children = (
				D3B0076528351B2300030C9E /* Error */,
				D31353C12833DDE8006485B7 /* User */,
				D31353BD2833DD31006485B7 /* Tree */,
				D3C57B4428239D2F0028E4EB /* DataToDomain.swift */,
			);
			path = Model;
			sourceTree = "<group>";
		};
		D37F7A1A2821683E00E73EB4 /* Repository */ = {
			isa = PBXGroup;
			children = (
				D31353BE2833DD69006485B7 /* User */,
				D31353BC2833DCF1006485B7 /* Tree */,
			);
			path = Repository;
			sourceTree = "<group>";
		};
		D37F7A1D2821686400E73EB4 /* UseCase */ = {
			isa = PBXGroup;
			children = (
				D357B8A9283E559300FA2C97 /* UseCaseError.swift */,
				D31353C42833DE7B006485B7 /* User */,
				D31103E82823AE9D0021299B /* TreeList */,
			);
			path = UseCase;
			sourceTree = "<group>";
		};
		D3AA66BC282390F400862D43 /* Ressources */ = {
			isa = PBXGroup;
			children = (
				D37F7A0B282167E200E73EB4 /* Assets.xcassets */,
				D37F7A0D282167E200E73EB4 /* Preview Content */,
				D3AA66BF2823917800862D43 /* trees.json */,
				D3D7E28F282D3CF300284215 /* Localizable.strings */,
				D347DDA1282E7E26004311FE /* Localizable.stringsdict */,
				D3088942283E948D00305A64 /* Constants.swift */,
			);
			path = Ressources;
			sourceTree = "<group>";
		};
		D3AA66C42823921E00862D43 /* Repository */ = {
			isa = PBXGroup;
			children = (
				D31353B92833DC42006485B7 /* User */,
				D347DDAC282E91DE004311FE /* Tree */,
			);
			path = Repository;
			sourceTree = "<group>";
		};
		D3AA66C52823923000862D43 /* DataSource */ = {
			isa = PBXGroup;
			children = (
				D347DDAB282E91CA004311FE /* Tree */,
				D347DDAD282E91F0004311FE /* Users */,
			);
			path = DataSource;
			sourceTree = "<group>";
		};
		D3AA66C62823927F00862D43 /* Models */ = {
			isa = PBXGroup;
			children = (
				D31353B62833D6F2006485B7 /* Users */,
				D31353B52833D6E5006485B7 /* Tree */,
				D31353CA2833E92D006485B7 /* DomainToData.swift */,
			);
			path = Models;
			sourceTree = "<group>";
		};
		D3B0076528351B2300030C9E /* Error */ = {
			isa = PBXGroup;
			children = (
				D3B0076628351BAB00030C9E /* LocalizeError.swift */,
			);
			path = Error;
			sourceTree = "<group>";
		};
		D3B007712836691F00030C9E /* CheckField */ = {
			isa = PBXGroup;
			children = (
				D3B0076F28363D9B00030C9E /* CheckPassword.swift */,
				D3B007722836693D00030C9E /* CheckPostFields.swift */,
			);
			path = CheckField;
			sourceTree = "<group>";
		};
		D3C57B39282395890028E4EB /* API */ = {
			isa = PBXGroup;
			children = (
				D347DDA8282E8F59004311FE /* Implementation */,
				D3C57B42282398960028E4EB /* APIServiceError.swift */,
				D32CD62C282B8ADC00C7FC80 /* Urls.swift */,
				D3E40B4A2825223000025D14 /* Helper */,
			);
			path = API;
			sourceTree = "<group>";
		};
		D3C57B4628239DE10028E4EB /* Tree */ = {
			isa = PBXGroup;
			children = (
				D3C57B4728239DED0028E4EB /* TreeList */,
			);
			path = Tree;
			sourceTree = "<group>";
		};
		D3C57B4728239DED0028E4EB /* TreeList */ = {
			isa = PBXGroup;
			children = (
				D347DD92282E478E004311FE /* TreeListViewModel.swift */,
				D31103E22823ADE60021299B /* TreeListView.swift */,
				D34199E62829094000DB45B0 /* Component */,
			);
			path = TreeList;
			sourceTree = "<group>";
		};
		D3D692002841121100C28C66 /* CleanTreeListUITests */ = {
			isa = PBXGroup;
			children = (
				D3D692012841121100C28C66 /* CleanTreeListUITests.swift */,
				D3D692032841121100C28C66 /* CleanTreeListUITestsLaunchTests.swift */,
			);
			path = CleanTreeListUITests;
			sourceTree = "<group>";
		};
		D3E28411283CC0FE005FCF66 /* CleanTreeList_Tests */ = {
			isa = PBXGroup;
			children = (
				D37C2E232847629800A0BDEC /* Quick */,
				D3E28419283CCBC6005FCF66 /* TreesRemoteRepositoryImpl_Tests.swift */,
				D3D691F32840D7B000C28C66 /* TreeUseCase_Tests.swift */,
			);
			path = CleanTreeList_Tests;
			sourceTree = "<group>";
		};
		D3E40B44282502D400025D14 /* Extension */ = {
			isa = PBXGroup;
			children = (
				D3E40B48282506B800025D14 /* JSONDecodeError.swift */,
				D3E40B46282502FC00025D14 /* CodableBundleExtension.swift */,
			);
			path = Extension;
			sourceTree = "<group>";
		};
		D3E40B4A2825223000025D14 /* Helper */ = {
			isa = PBXGroup;
			children = (
				D3E40B4B2825224500025D14 /* ApiManager.swift */,
			);
			path = Helper;
			sourceTree = "<group>";
		};
/* End PBXGroup section */

/* Begin PBXNativeTarget section */
		D37F7A03282167E200E73EB4 /* CleanTreeList */ = {
			isa = PBXNativeTarget;
			buildConfigurationList = D37F7A12282167E200E73EB4 /* Build configuration list for PBXNativeTarget "CleanTreeList" */;
			buildPhases = (
				04477AB34F8B449EA0995C2A /* [CP] Check Pods Manifest.lock */,
				D37F7A00282167E200E73EB4 /* Sources */,
				D37F7A01282167E200E73EB4 /* Frameworks */,
				D37F7A02282167E200E73EB4 /* Resources */,
			);
			buildRules = (
			);
			dependencies = (
			);
			name = CleanTreeList;
			packageProductDependencies = (
				D3251A6F2837C0F00059DBA3 /* Resolver */,
				D31E7DC62838294900FF3700 /* Realm */,
				D31E7DC82838294900FF3700 /* RealmSwift */,
			);
			productName = CleanTreeList;
			productReference = D37F7A04282167E200E73EB4 /* CleanTreeList.app */;
			productType = "com.apple.product-type.application";
		};
		D3D691FE2841121100C28C66 /* CleanTreeListUITests */ = {
			isa = PBXNativeTarget;
			buildConfigurationList = D3D692072841121100C28C66 /* Build configuration list for PBXNativeTarget "CleanTreeListUITests" */;
			buildPhases = (
				2C313530B2773AC5207B0159 /* [CP] Check Pods Manifest.lock */,
				D3D691FB2841121100C28C66 /* Sources */,
				D3D691FC2841121100C28C66 /* Frameworks */,
				D3D691FD2841121100C28C66 /* Resources */,
			);
			buildRules = (
			);
			dependencies = (
				D3D692062841121100C28C66 /* PBXTargetDependency */,
			);
			name = CleanTreeListUITests;
			productName = CleanTreeListUITests;
			productReference = D3D691FF2841121100C28C66 /* CleanTreeListUITests.xctest */;
			productType = "com.apple.product-type.bundle.ui-testing";
		};
		D3E2840F283CC0FE005FCF66 /* CleanTreeList_Tests */ = {
			isa = PBXNativeTarget;
			buildConfigurationList = D3E28418283CC0FE005FCF66 /* Build configuration list for PBXNativeTarget "CleanTreeList_Tests" */;
			buildPhases = (
				C8AFE4A5935ADEF6DE5B7F1F /* [CP] Check Pods Manifest.lock */,
				D3E2840C283CC0FE005FCF66 /* Sources */,
				D3E2840D283CC0FE005FCF66 /* Frameworks */,
				D3E2840E283CC0FE005FCF66 /* Resources */,
				B265C0C9ED4C96A669B09B07 /* [CP] Embed Pods Frameworks */,
			);
			buildRules = (
			);
			dependencies = (
				D3E28415283CC0FE005FCF66 /* PBXTargetDependency */,
			);
			name = CleanTreeList_Tests;
			productName = CleanTreeList_Tests;
			productReference = D3E28410283CC0FE005FCF66 /* CleanTreeList_Tests.xctest */;
			productType = "com.apple.product-type.bundle.unit-test";
		};
/* End PBXNativeTarget section */

/* Begin PBXProject section */
		D37F79FC282167E200E73EB4 /* Project object */ = {
			isa = PBXProject;
			attributes = {
				BuildIndependentTargetsInParallel = 1;
				LastSwiftUpdateCheck = 1330;
				LastUpgradeCheck = 1330;
				TargetAttributes = {
					D37F7A03282167E200E73EB4 = {
						CreatedOnToolsVersion = 13.3.1;
					};
					D3D691FE2841121100C28C66 = {
						CreatedOnToolsVersion = 13.3.1;
						TestTargetID = D37F7A03282167E200E73EB4;
					};
					D3E2840F283CC0FE005FCF66 = {
						CreatedOnToolsVersion = 13.3.1;
						TestTargetID = D37F7A03282167E200E73EB4;
					};
				};
			};
			buildConfigurationList = D37F79FF282167E200E73EB4 /* Build configuration list for PBXProject "CleanTreeList" */;
			compatibilityVersion = "Xcode 13.0";
			developmentRegion = en;
			hasScannedForEncodings = 0;
			knownRegions = (
				en,
				Base,
				fr,
			);
			mainGroup = D37F79FB282167E200E73EB4;
			packageReferences = (
				D3251A6E2837C0F00059DBA3 /* XCRemoteSwiftPackageReference "Resolver" */,
				D31E7DC52838294900FF3700 /* XCRemoteSwiftPackageReference "realm-swift" */,
			);
			productRefGroup = D37F7A05282167E200E73EB4 /* Products */;
			projectDirPath = "";
			projectRoot = "";
			targets = (
				D37F7A03282167E200E73EB4 /* CleanTreeList */,
				D3E2840F283CC0FE005FCF66 /* CleanTreeList_Tests */,
				D3D691FE2841121100C28C66 /* CleanTreeListUITests */,
			);
		};
/* End PBXProject section */

/* Begin PBXResourcesBuildPhase section */
		D37F7A02282167E200E73EB4 /* Resources */ = {
			isa = PBXResourcesBuildPhase;
			buildActionMask = 2147483647;
			files = (
				D3AA66C02823917800862D43 /* trees.json in Resources */,
				D3D7E28D282D3CF300284215 /* Localizable.strings in Resources */,
				D37F7A0F282167E200E73EB4 /* Preview Assets.xcassets in Resources */,
				D347DD9F282E7E26004311FE /* Localizable.stringsdict in Resources */,
				D37F7A0C282167E200E73EB4 /* Assets.xcassets in Resources */,
			);
			runOnlyForDeploymentPostprocessing = 0;
		};
		D3D691FD2841121100C28C66 /* Resources */ = {
			isa = PBXResourcesBuildPhase;
			buildActionMask = 2147483647;
			files = (
			);
			runOnlyForDeploymentPostprocessing = 0;
		};
		D3E2840E283CC0FE005FCF66 /* Resources */ = {
			isa = PBXResourcesBuildPhase;
			buildActionMask = 2147483647;
			files = (
			);
			runOnlyForDeploymentPostprocessing = 0;
		};
/* End PBXResourcesBuildPhase section */

/* Begin PBXShellScriptBuildPhase section */
		04477AB34F8B449EA0995C2A /* [CP] Check Pods Manifest.lock */ = {
			isa = PBXShellScriptBuildPhase;
			buildActionMask = 2147483647;
			files = (
			);
			inputFileListPaths = (
			);
			inputPaths = (
				"${PODS_PODFILE_DIR_PATH}/Podfile.lock",
				"${PODS_ROOT}/Manifest.lock",
			);
			name = "[CP] Check Pods Manifest.lock";
			outputFileListPaths = (
			);
			outputPaths = (
				"$(DERIVED_FILE_DIR)/Pods-CleanTreeList-checkManifestLockResult.txt",
			);
			runOnlyForDeploymentPostprocessing = 0;
			shellPath = /bin/sh;
			shellScript = "diff \"${PODS_PODFILE_DIR_PATH}/Podfile.lock\" \"${PODS_ROOT}/Manifest.lock\" > /dev/null\nif [ $? != 0 ] ; then\n    # print error to STDERR\n    echo \"error: The sandbox is not in sync with the Podfile.lock. Run 'pod install' or update your CocoaPods installation.\" >&2\n    exit 1\nfi\n# This output is used by Xcode 'outputs' to avoid re-running this script phase.\necho \"SUCCESS\" > \"${SCRIPT_OUTPUT_FILE_0}\"\n";
			showEnvVarsInLog = 0;
		};
		2C313530B2773AC5207B0159 /* [CP] Check Pods Manifest.lock */ = {
			isa = PBXShellScriptBuildPhase;
			buildActionMask = 2147483647;
			files = (
			);
			inputFileListPaths = (
			);
			inputPaths = (
				"${PODS_PODFILE_DIR_PATH}/Podfile.lock",
				"${PODS_ROOT}/Manifest.lock",
			);
			name = "[CP] Check Pods Manifest.lock";
			outputFileListPaths = (
			);
			outputPaths = (
				"$(DERIVED_FILE_DIR)/Pods-CleanTreeList-CleanTreeListUITests-checkManifestLockResult.txt",
			);
			runOnlyForDeploymentPostprocessing = 0;
			shellPath = /bin/sh;
			shellScript = "diff \"${PODS_PODFILE_DIR_PATH}/Podfile.lock\" \"${PODS_ROOT}/Manifest.lock\" > /dev/null\nif [ $? != 0 ] ; then\n    # print error to STDERR\n    echo \"error: The sandbox is not in sync with the Podfile.lock. Run 'pod install' or update your CocoaPods installation.\" >&2\n    exit 1\nfi\n# This output is used by Xcode 'outputs' to avoid re-running this script phase.\necho \"SUCCESS\" > \"${SCRIPT_OUTPUT_FILE_0}\"\n";
			showEnvVarsInLog = 0;
		};
		B265C0C9ED4C96A669B09B07 /* [CP] Embed Pods Frameworks */ = {
			isa = PBXShellScriptBuildPhase;
			buildActionMask = 2147483647;
			files = (
			);
			inputFileListPaths = (
				"${PODS_ROOT}/Target Support Files/Pods-CleanTreeList_Tests/Pods-CleanTreeList_Tests-frameworks-${CONFIGURATION}-input-files.xcfilelist",
			);
			name = "[CP] Embed Pods Frameworks";
			outputFileListPaths = (
				"${PODS_ROOT}/Target Support Files/Pods-CleanTreeList_Tests/Pods-CleanTreeList_Tests-frameworks-${CONFIGURATION}-output-files.xcfilelist",
			);
			runOnlyForDeploymentPostprocessing = 0;
			shellPath = /bin/sh;
			shellScript = "\"${PODS_ROOT}/Target Support Files/Pods-CleanTreeList_Tests/Pods-CleanTreeList_Tests-frameworks.sh\"\n";
			showEnvVarsInLog = 0;
		};
		C8AFE4A5935ADEF6DE5B7F1F /* [CP] Check Pods Manifest.lock */ = {
			isa = PBXShellScriptBuildPhase;
			buildActionMask = 2147483647;
			files = (
			);
			inputFileListPaths = (
			);
			inputPaths = (
				"${PODS_PODFILE_DIR_PATH}/Podfile.lock",
				"${PODS_ROOT}/Manifest.lock",
			);
			name = "[CP] Check Pods Manifest.lock";
			outputFileListPaths = (
			);
			outputPaths = (
				"$(DERIVED_FILE_DIR)/Pods-CleanTreeList_Tests-checkManifestLockResult.txt",
			);
			runOnlyForDeploymentPostprocessing = 0;
			shellPath = /bin/sh;
			shellScript = "diff \"${PODS_PODFILE_DIR_PATH}/Podfile.lock\" \"${PODS_ROOT}/Manifest.lock\" > /dev/null\nif [ $? != 0 ] ; then\n    # print error to STDERR\n    echo \"error: The sandbox is not in sync with the Podfile.lock. Run 'pod install' or update your CocoaPods installation.\" >&2\n    exit 1\nfi\n# This output is used by Xcode 'outputs' to avoid re-running this script phase.\necho \"SUCCESS\" > \"${SCRIPT_OUTPUT_FILE_0}\"\n";
			showEnvVarsInLog = 0;
		};
/* End PBXShellScriptBuildPhase section */

/* Begin PBXSourcesBuildPhase section */
		D37F7A00282167E200E73EB4 /* Sources */ = {
			isa = PBXSourcesBuildPhase;
			buildActionMask = 2147483647;
			files = (
				D31353C62833DE8D006485B7 /* UserUseCase.swift in Sources */,
				D333B13D283BB23700407168 /* TreeListRealmRepository.swift in Sources */,
				D347DD9C282E61D4004311FE /* MapViewModel.swift in Sources */,
				D347DD93282E478E004311FE /* TreeListViewModel.swift in Sources */,
				D3B0076D28363AC600030C9E /* PasswordTipsView.swift in Sources */,
				D3D7E284282BF6ED00284215 /* TreesCDRepositoryImpl.swift in Sources */,
				D333B133283B750C00407168 /* RealmManager.swift in Sources */,
				D3C57B3F282396630028E4EB /* Tree.swift in Sources */,
				D32CD637282BAAC500C7FC80 /* ConnectionStatusView.swift in Sources */,
				D3B007732836693D00030C9E /* CheckPostFields.swift in Sources */,
				D333B131283B6F0F00407168 /* RealmTree.swift in Sources */,
				D314834528322E3300C40198 /* DirectionMapView.swift in Sources */,
				D3B0076728351BAB00030C9E /* LocalizeError.swift in Sources */,
				D3B0077028363D9B00030C9E /* CheckPassword.swift in Sources */,
				D347DDAA282E8F81004311FE /* UsersAPIImpl.swift in Sources */,
				D31353AA2833987D006485B7 /* TreeItem.swift in Sources */,
				D3B0076928362FBD00030C9E /* IsHiddenBinding.swift in Sources */,
				D347DDB5282E9B52004311FE /* UnderlineTextField.swift in Sources */,
				D347DDA7282E8EA7004311FE /* UsersView.swift in Sources */,
				D3088943283E948D00305A64 /* Constants.swift in Sources */,
				D31353C92833E374006485B7 /* AppButton.swift in Sources */,
				D31353BB2833DC66006485B7 /* UsersRemoteRepositoryImpl.swift in Sources */,
				D31353C02833DD7E006485B7 /* UserRemoteRepository.swift in Sources */,
				D357B8A8283E315500FA2C97 /* TreeUseCase.swift in Sources */,
				D31353CB2833E92D006485B7 /* DomainToData.swift in Sources */,
				D347DD98282E5C14004311FE /* BlankBlurView.swift in Sources */,
				D3B007602834CB8400030C9E /* UserResponseError.swift in Sources */,
				D32CD634282B982800C7FC80 /* NetworkMonitor.swift in Sources */,
				D32CD614282A55E400C7FC80 /* CleanTreeList.xcdatamodeld in Sources */,
				D3C57B3D282395BF0028E4EB /* TreeRemoteDataSource.swift in Sources */,
				D34199E82829096400DB45B0 /* TreeItemView.swift in Sources */,
				D32CD60B282A4BAF00C7FC80 /* TreeGetterListViewModel.swift in Sources */,
				D3D7E28A282D25E300284215 /* DomainToCoreData.swift in Sources */,
				D31353B22833A0D5006485B7 /* ClusterTreeAnnotationView.swift in Sources */,
				D347DDBC282EA0AE004311FE /* SelectorBoxStyle.swift in Sources */,
				D3D691F828410F0600C28C66 /* UITestingBootcampView.swift in Sources */,
				D3D7E288282CDCBB00284215 /* TreeListCDRepository.swift in Sources */,
				D32CD62B282AA8F600C7FC80 /* ErrorView.swift in Sources */,
				D32CD609282A34D400C7FC80 /* MapView.swift in Sources */,
				D347DDAF282E9205004311FE /* UsersRemoteDataSource.swift in Sources */,
				D357B8AC283E570900FA2C97 /* UseCase+Injection.swift in Sources */,
				D314834F2832497A00C40198 /* Helpers.swift in Sources */,
				D37F7A08282167E200E73EB4 /* CleanTreeListApp.swift in Sources */,
				D347DDC0282EA619004311FE /* FormTextField.swift in Sources */,
				D32CD62F282B8F2900C7FC80 /* TreeLocalDataSource.swift in Sources */,
				D3C57B43282398960028E4EB /* APIServiceError.swift in Sources */,
				D32CD62D282B8ADC00C7FC80 /* Urls.swift in Sources */,
				D31353C32833DDF0006485B7 /* User.swift in Sources */,
				D347DDC5282EACFB004311FE /* CheckBox.swift in Sources */,
				D32CD624282A6C1900C7FC80 /* CDTree+CoreDataClass.swift in Sources */,
				D3AA66C82823928E00862D43 /* Record.swift in Sources */,
				D3B00764283516DC00030C9E /* Regex.swift in Sources */,
				D3C57B3B282395A20028E4EB /* TreeRemoteImpl.swift in Sources */,
				D333B137283B865400407168 /* TreeRealmDataSource.swift in Sources */,
				D31353B42833A3D6006485B7 /* MapTreeItemAnnotationView.swift in Sources */,
				D3E40B49282506B800025D14 /* JSONDecodeError.swift in Sources */,
				D32CD61C282A5E2300C7FC80 /* CDGeolocatedTree+CoreDataClass.swift in Sources */,
				D3E40B47282502FD00025D14 /* CodableBundleExtension.swift in Sources */,
				D32CD606282A349D00C7FC80 /* MainTabView.swift in Sources */,
				D32CD611282A517800C7FC80 /* CoreDataStack.swift in Sources */,
				D3E40B4C2825224500025D14 /* ApiManager.swift in Sources */,
				D3251A732837C1290059DBA3 /* App+Injection.swift in Sources */,
				D333B13B283BB21E00407168 /* TreeRealmRepositoryImpl.swift in Sources */,
				D31353B82833D7D3006485B7 /* RemoteUser.swift in Sources */,
				D347DDC3282EA886004311FE /* SexeSelector.swift in Sources */,
				D387005C283E256F002D414E /* Repository+Injection.swift in Sources */,
				D31103E32823ADE60021299B /* TreeListView.swift in Sources */,
				D333B135283B860B00407168 /* TreeRealmImpl.swift in Sources */,
				D3C57B41282396E50028E4EB /* GeolocatedTree.swift in Sources */,
				D3251A6428375D080059DBA3 /* LoginView.swift in Sources */,
				D347DD96282E51C4004311FE /* MapAnnotationView.swift in Sources */,
				D3D7E280282BEA6C00284215 /* TreeCDImpl.swift in Sources */,
				D347DDBE282EA4E4004311FE /* BindingInverter.swift in Sources */,
				D3088945283EA51900305A64 /* ViewModel+Injection.swift in Sources */,
				D31353AC28339954006485B7 /* ClusterMapView.swift in Sources */,
				D32CD632282B906E00C7FC80 /* TreeLocalImpl.swift in Sources */,
				D357B8AA283E559300FA2C97 /* UseCaseError.swift in Sources */,
				D31103F02823D3E60021299B /* TreesRemoteRepositoryImpl.swift in Sources */,
				D3870010283E143F002D414E /* DomainToRealm.swift in Sources */,
				D34199EA2829103400DB45B0 /* TreeListComponentView.swift in Sources */,
				D333B12F283B6EFF00407168 /* RealmGeolocatedTree.swift in Sources */,
				D347DD9A282E5E30004311FE /* MapTreeDetailsView.swift in Sources */,
				D347DDB1282E988A004311FE /* AddPersonView.swift in Sources */,
				D3D7E27E282BDD2200284215 /* TreeCDDataSource.swift in Sources */,
				D347DDB3282E9A34004311FE /* UsersViewModel.swift in Sources */,
				D347DDBA282E9D3B004311FE /* CheckBoxStyle.swift in Sources */,
				D347DDA4282E859B004311FE /* MultipleStringFormatter.swift in Sources */,
				D3B0076B283636B000030C9E /* HideKeyboard.swift in Sources */,
				D32CD625282A6C1900C7FC80 /* CDTree+CoreDataProperties.swift in Sources */,
				D3C57B4528239D2F0028E4EB /* DataToDomain.swift in Sources */,
				D31103EE2823D00A0021299B /* TreeListRemoteRepository.swift in Sources */,
				D32CD61D282A5E2300C7FC80 /* CDGeolocatedTree+CoreDataProperties.swift in Sources */,
			);
			runOnlyForDeploymentPostprocessing = 0;
		};
		D3D691FB2841121100C28C66 /* Sources */ = {
			isa = PBXSourcesBuildPhase;
			buildActionMask = 2147483647;
			files = (
				D3D692042841121100C28C66 /* CleanTreeListUITestsLaunchTests.swift in Sources */,
				D3D692022841121100C28C66 /* CleanTreeListUITests.swift in Sources */,
			);
			runOnlyForDeploymentPostprocessing = 0;
		};
		D3E2840C283CC0FE005FCF66 /* Sources */ = {
			isa = PBXSourcesBuildPhase;
			buildActionMask = 2147483647;
			files = (
				D37C2E25284762B500A0BDEC /* TReeUseCaseSpec.swift in Sources */,
				D37C2E222847532F00A0BDEC /* TreesRemoteRepositoryImplSpec.swift in Sources */,
				D3E2841A283CCBC6005FCF66 /* TreesRemoteRepositoryImpl_Tests.swift in Sources */,
				D3D691F42840D7B000C28C66 /* TreeUseCase_Tests.swift in Sources */,
			);
			runOnlyForDeploymentPostprocessing = 0;
		};
/* End PBXSourcesBuildPhase section */

/* Begin PBXTargetDependency section */
		D3D692062841121100C28C66 /* PBXTargetDependency */ = {
			isa = PBXTargetDependency;
			target = D37F7A03282167E200E73EB4 /* CleanTreeList */;
			targetProxy = D3D692052841121100C28C66 /* PBXContainerItemProxy */;
		};
		D3E28415283CC0FE005FCF66 /* PBXTargetDependency */ = {
			isa = PBXTargetDependency;
			target = D37F7A03282167E200E73EB4 /* CleanTreeList */;
			targetProxy = D3E28414283CC0FE005FCF66 /* PBXContainerItemProxy */;
		};
/* End PBXTargetDependency section */

/* Begin PBXVariantGroup section */
		D347DDA1282E7E26004311FE /* Localizable.stringsdict */ = {
			isa = PBXVariantGroup;
			children = (
				D347DDA0282E7E26004311FE /* fr */,
			);
			name = Localizable.stringsdict;
			sourceTree = "<group>";
		};
		D3D7E28F282D3CF300284215 /* Localizable.strings */ = {
			isa = PBXVariantGroup;
			children = (
				D3D7E295282D3E4100284215 /* fr */,
			);
			name = Localizable.strings;
			sourceTree = "<group>";
		};
/* End PBXVariantGroup section */

/* Begin XCBuildConfiguration section */
		D37F7A10282167E200E73EB4 /* Debug */ = {
			isa = XCBuildConfiguration;
			buildSettings = {
				ALWAYS_SEARCH_USER_PATHS = NO;
				CLANG_ANALYZER_LOCALIZABILITY_NONLOCALIZED = YES;
				CLANG_ANALYZER_NONNULL = YES;
				CLANG_ANALYZER_NUMBER_OBJECT_CONVERSION = YES_AGGRESSIVE;
				CLANG_CXX_LANGUAGE_STANDARD = "gnu++17";
				CLANG_ENABLE_MODULES = YES;
				CLANG_ENABLE_OBJC_ARC = YES;
				CLANG_ENABLE_OBJC_WEAK = YES;
				CLANG_WARN_BLOCK_CAPTURE_AUTORELEASING = YES;
				CLANG_WARN_BOOL_CONVERSION = YES;
				CLANG_WARN_COMMA = YES;
				CLANG_WARN_CONSTANT_CONVERSION = YES;
				CLANG_WARN_DEPRECATED_OBJC_IMPLEMENTATIONS = YES;
				CLANG_WARN_DIRECT_OBJC_ISA_USAGE = YES_ERROR;
				CLANG_WARN_DOCUMENTATION_COMMENTS = YES;
				CLANG_WARN_EMPTY_BODY = YES;
				CLANG_WARN_ENUM_CONVERSION = YES;
				CLANG_WARN_INFINITE_RECURSION = YES;
				CLANG_WARN_INT_CONVERSION = YES;
				CLANG_WARN_NON_LITERAL_NULL_CONVERSION = YES;
				CLANG_WARN_OBJC_IMPLICIT_RETAIN_SELF = YES;
				CLANG_WARN_OBJC_LITERAL_CONVERSION = YES;
				CLANG_WARN_OBJC_ROOT_CLASS = YES_ERROR;
				CLANG_WARN_QUOTED_INCLUDE_IN_FRAMEWORK_HEADER = YES;
				CLANG_WARN_RANGE_LOOP_ANALYSIS = YES;
				CLANG_WARN_STRICT_PROTOTYPES = YES;
				CLANG_WARN_SUSPICIOUS_MOVE = YES;
				CLANG_WARN_UNGUARDED_AVAILABILITY = YES_AGGRESSIVE;
				CLANG_WARN_UNREACHABLE_CODE = YES;
				CLANG_WARN__DUPLICATE_METHOD_MATCH = YES;
				COPY_PHASE_STRIP = NO;
				DEBUG_INFORMATION_FORMAT = dwarf;
				ENABLE_STRICT_OBJC_MSGSEND = YES;
				ENABLE_TESTABILITY = YES;
				GCC_C_LANGUAGE_STANDARD = gnu11;
				GCC_DYNAMIC_NO_PIC = NO;
				GCC_NO_COMMON_BLOCKS = YES;
				GCC_OPTIMIZATION_LEVEL = 0;
				GCC_PREPROCESSOR_DEFINITIONS = (
					"DEBUG=1",
					"$(inherited)",
				);
				GCC_WARN_64_TO_32_BIT_CONVERSION = YES;
				GCC_WARN_ABOUT_RETURN_TYPE = YES_ERROR;
				GCC_WARN_UNDECLARED_SELECTOR = YES;
				GCC_WARN_UNINITIALIZED_AUTOS = YES_AGGRESSIVE;
				GCC_WARN_UNUSED_FUNCTION = YES;
				GCC_WARN_UNUSED_VARIABLE = YES;
				IPHONEOS_DEPLOYMENT_TARGET = 15.4;
				MTL_ENABLE_DEBUG_INFO = INCLUDE_SOURCE;
				MTL_FAST_MATH = YES;
				ONLY_ACTIVE_ARCH = YES;
				SDKROOT = iphoneos;
				SWIFT_ACTIVE_COMPILATION_CONDITIONS = DEBUG;
				SWIFT_OPTIMIZATION_LEVEL = "-Onone";
			};
			name = Debug;
		};
		D37F7A11282167E200E73EB4 /* Release */ = {
			isa = XCBuildConfiguration;
			buildSettings = {
				ALWAYS_SEARCH_USER_PATHS = NO;
				CLANG_ANALYZER_LOCALIZABILITY_NONLOCALIZED = YES;
				CLANG_ANALYZER_NONNULL = YES;
				CLANG_ANALYZER_NUMBER_OBJECT_CONVERSION = YES_AGGRESSIVE;
				CLANG_CXX_LANGUAGE_STANDARD = "gnu++17";
				CLANG_ENABLE_MODULES = YES;
				CLANG_ENABLE_OBJC_ARC = YES;
				CLANG_ENABLE_OBJC_WEAK = YES;
				CLANG_WARN_BLOCK_CAPTURE_AUTORELEASING = YES;
				CLANG_WARN_BOOL_CONVERSION = YES;
				CLANG_WARN_COMMA = YES;
				CLANG_WARN_CONSTANT_CONVERSION = YES;
				CLANG_WARN_DEPRECATED_OBJC_IMPLEMENTATIONS = YES;
				CLANG_WARN_DIRECT_OBJC_ISA_USAGE = YES_ERROR;
				CLANG_WARN_DOCUMENTATION_COMMENTS = YES;
				CLANG_WARN_EMPTY_BODY = YES;
				CLANG_WARN_ENUM_CONVERSION = YES;
				CLANG_WARN_INFINITE_RECURSION = YES;
				CLANG_WARN_INT_CONVERSION = YES;
				CLANG_WARN_NON_LITERAL_NULL_CONVERSION = YES;
				CLANG_WARN_OBJC_IMPLICIT_RETAIN_SELF = YES;
				CLANG_WARN_OBJC_LITERAL_CONVERSION = YES;
				CLANG_WARN_OBJC_ROOT_CLASS = YES_ERROR;
				CLANG_WARN_QUOTED_INCLUDE_IN_FRAMEWORK_HEADER = YES;
				CLANG_WARN_RANGE_LOOP_ANALYSIS = YES;
				CLANG_WARN_STRICT_PROTOTYPES = YES;
				CLANG_WARN_SUSPICIOUS_MOVE = YES;
				CLANG_WARN_UNGUARDED_AVAILABILITY = YES_AGGRESSIVE;
				CLANG_WARN_UNREACHABLE_CODE = YES;
				CLANG_WARN__DUPLICATE_METHOD_MATCH = YES;
				COPY_PHASE_STRIP = NO;
				DEBUG_INFORMATION_FORMAT = "dwarf-with-dsym";
				ENABLE_NS_ASSERTIONS = NO;
				ENABLE_STRICT_OBJC_MSGSEND = YES;
				GCC_C_LANGUAGE_STANDARD = gnu11;
				GCC_NO_COMMON_BLOCKS = YES;
				GCC_WARN_64_TO_32_BIT_CONVERSION = YES;
				GCC_WARN_ABOUT_RETURN_TYPE = YES_ERROR;
				GCC_WARN_UNDECLARED_SELECTOR = YES;
				GCC_WARN_UNINITIALIZED_AUTOS = YES_AGGRESSIVE;
				GCC_WARN_UNUSED_FUNCTION = YES;
				GCC_WARN_UNUSED_VARIABLE = YES;
				IPHONEOS_DEPLOYMENT_TARGET = 15.4;
				MTL_ENABLE_DEBUG_INFO = NO;
				MTL_FAST_MATH = YES;
				SDKROOT = iphoneos;
				SWIFT_COMPILATION_MODE = wholemodule;
				SWIFT_OPTIMIZATION_LEVEL = "-O";
				VALIDATE_PRODUCT = YES;
			};
			name = Release;
		};
		D37F7A13282167E200E73EB4 /* Debug */ = {
			isa = XCBuildConfiguration;
			baseConfigurationReference = 7E399210D9D3712CBCD3F586 /* Pods-CleanTreeList.debug.xcconfig */;
			buildSettings = {
				ASSETCATALOG_COMPILER_APPICON_NAME = AppIcon;
				ASSETCATALOG_COMPILER_GLOBAL_ACCENT_COLOR_NAME = AccentColor;
				CODE_SIGN_STYLE = Automatic;
				CURRENT_PROJECT_VERSION = 1;
				DEVELOPMENT_ASSET_PATHS = "\"CleanTreeList/Ressources/Preview Content\"";
				DEVELOPMENT_TEAM = T2C24KCSV2;
				ENABLE_PREVIEWS = YES;
				GENERATE_INFOPLIST_FILE = YES;
				INFOPLIST_KEY_UIApplicationSceneManifest_Generation = YES;
				INFOPLIST_KEY_UIApplicationSupportsIndirectInputEvents = YES;
				INFOPLIST_KEY_UILaunchScreen_Generation = YES;
				INFOPLIST_KEY_UISupportedInterfaceOrientations = UIInterfaceOrientationPortrait;
				INFOPLIST_KEY_UISupportedInterfaceOrientations_iPad = "UIInterfaceOrientationPortrait UIInterfaceOrientationPortraitUpsideDown UIInterfaceOrientationLandscapeLeft UIInterfaceOrientationLandscapeRight";
				INFOPLIST_KEY_UISupportedInterfaceOrientations_iPhone = "UIInterfaceOrientationPortrait UIInterfaceOrientationLandscapeLeft UIInterfaceOrientationLandscapeRight";
				LD_RUNPATH_SEARCH_PATHS = (
					"$(inherited)",
					"@executable_path/Frameworks",
				);
				MARKETING_VERSION = 1.0;
				PRODUCT_BUNDLE_IDENTIFIER = OnePoint.CleanTreeList;
				PRODUCT_NAME = "$(TARGET_NAME)";
				SWIFT_EMIT_LOC_STRINGS = YES;
				SWIFT_VERSION = 5.0;
				TARGETED_DEVICE_FAMILY = 1;
			};
			name = Debug;
		};
		D37F7A14282167E200E73EB4 /* Release */ = {
			isa = XCBuildConfiguration;
			baseConfigurationReference = 28715E1844EB9A8E92A1D2BA /* Pods-CleanTreeList.release.xcconfig */;
			buildSettings = {
				ASSETCATALOG_COMPILER_APPICON_NAME = AppIcon;
				ASSETCATALOG_COMPILER_GLOBAL_ACCENT_COLOR_NAME = AccentColor;
				CODE_SIGN_STYLE = Automatic;
				CURRENT_PROJECT_VERSION = 1;
				DEVELOPMENT_ASSET_PATHS = "\"CleanTreeList/Ressources/Preview Content\"";
				DEVELOPMENT_TEAM = T2C24KCSV2;
				ENABLE_PREVIEWS = YES;
				GENERATE_INFOPLIST_FILE = YES;
				INFOPLIST_KEY_UIApplicationSceneManifest_Generation = YES;
				INFOPLIST_KEY_UIApplicationSupportsIndirectInputEvents = YES;
				INFOPLIST_KEY_UILaunchScreen_Generation = YES;
				INFOPLIST_KEY_UISupportedInterfaceOrientations = UIInterfaceOrientationPortrait;
				INFOPLIST_KEY_UISupportedInterfaceOrientations_iPad = "UIInterfaceOrientationPortrait UIInterfaceOrientationPortraitUpsideDown UIInterfaceOrientationLandscapeLeft UIInterfaceOrientationLandscapeRight";
				INFOPLIST_KEY_UISupportedInterfaceOrientations_iPhone = "UIInterfaceOrientationPortrait UIInterfaceOrientationLandscapeLeft UIInterfaceOrientationLandscapeRight";
				LD_RUNPATH_SEARCH_PATHS = (
					"$(inherited)",
					"@executable_path/Frameworks",
				);
				MARKETING_VERSION = 1.0;
				PRODUCT_BUNDLE_IDENTIFIER = OnePoint.CleanTreeList;
				PRODUCT_NAME = "$(TARGET_NAME)";
				SWIFT_EMIT_LOC_STRINGS = YES;
				SWIFT_VERSION = 5.0;
				TARGETED_DEVICE_FAMILY = 1;
			};
			name = Release;
		};
		D3D692082841121100C28C66 /* Debug */ = {
			isa = XCBuildConfiguration;
			baseConfigurationReference = C6E721C132B0EA6549C68497 /* Pods-CleanTreeList-CleanTreeListUITests.debug.xcconfig */;
			buildSettings = {
				CODE_SIGN_STYLE = Automatic;
				CURRENT_PROJECT_VERSION = 1;
				GENERATE_INFOPLIST_FILE = YES;
				MARKETING_VERSION = 1.0;
				PRODUCT_BUNDLE_IDENTIFIER = OnePoint.CleanTreeListUITests;
				PRODUCT_NAME = "$(TARGET_NAME)";
				SWIFT_EMIT_LOC_STRINGS = NO;
				SWIFT_VERSION = 5.0;
				TARGETED_DEVICE_FAMILY = "1,2";
				TEST_TARGET_NAME = CleanTreeList;
			};
			name = Debug;
		};
		D3D692092841121100C28C66 /* Release */ = {
			isa = XCBuildConfiguration;
			baseConfigurationReference = 900465212963B3C00623059A /* Pods-CleanTreeList-CleanTreeListUITests.release.xcconfig */;
			buildSettings = {
				CODE_SIGN_STYLE = Automatic;
				CURRENT_PROJECT_VERSION = 1;
				GENERATE_INFOPLIST_FILE = YES;
				MARKETING_VERSION = 1.0;
				PRODUCT_BUNDLE_IDENTIFIER = OnePoint.CleanTreeListUITests;
				PRODUCT_NAME = "$(TARGET_NAME)";
				SWIFT_EMIT_LOC_STRINGS = NO;
				SWIFT_VERSION = 5.0;
				TARGETED_DEVICE_FAMILY = "1,2";
				TEST_TARGET_NAME = CleanTreeList;
			};
			name = Release;
		};
		D3E28416283CC0FE005FCF66 /* Debug */ = {
			isa = XCBuildConfiguration;
			baseConfigurationReference = 7B8A627D3E8931C96E03AACE /* Pods-CleanTreeList_Tests.debug.xcconfig */;
			buildSettings = {
				BUNDLE_LOADER = "$(TEST_HOST)";
				CODE_SIGN_STYLE = Automatic;
				CURRENT_PROJECT_VERSION = 1;
				GENERATE_INFOPLIST_FILE = YES;
				MARKETING_VERSION = 1.0;
				PRODUCT_BUNDLE_IDENTIFIER = "OnePoint.CleanTreeList-Tests";
				PRODUCT_NAME = "$(TARGET_NAME)";
				SWIFT_EMIT_LOC_STRINGS = NO;
				SWIFT_VERSION = 5.0;
				TARGETED_DEVICE_FAMILY = "1,2";
				TEST_HOST = "$(BUILT_PRODUCTS_DIR)/CleanTreeList.app/CleanTreeList";
			};
			name = Debug;
		};
		D3E28417283CC0FE005FCF66 /* Release */ = {
			isa = XCBuildConfiguration;
			baseConfigurationReference = 2B5084A50267C1621F157761 /* Pods-CleanTreeList_Tests.release.xcconfig */;
			buildSettings = {
				BUNDLE_LOADER = "$(TEST_HOST)";
				CODE_SIGN_STYLE = Automatic;
				CURRENT_PROJECT_VERSION = 1;
				GENERATE_INFOPLIST_FILE = YES;
				MARKETING_VERSION = 1.0;
				PRODUCT_BUNDLE_IDENTIFIER = "OnePoint.CleanTreeList-Tests";
				PRODUCT_NAME = "$(TARGET_NAME)";
				SWIFT_EMIT_LOC_STRINGS = NO;
				SWIFT_VERSION = 5.0;
				TARGETED_DEVICE_FAMILY = "1,2";
				TEST_HOST = "$(BUILT_PRODUCTS_DIR)/CleanTreeList.app/CleanTreeList";
			};
			name = Release;
		};
/* End XCBuildConfiguration section */

/* Begin XCConfigurationList section */
		D37F79FF282167E200E73EB4 /* Build configuration list for PBXProject "CleanTreeList" */ = {
			isa = XCConfigurationList;
			buildConfigurations = (
				D37F7A10282167E200E73EB4 /* Debug */,
				D37F7A11282167E200E73EB4 /* Release */,
			);
			defaultConfigurationIsVisible = 0;
			defaultConfigurationName = Release;
		};
		D37F7A12282167E200E73EB4 /* Build configuration list for PBXNativeTarget "CleanTreeList" */ = {
			isa = XCConfigurationList;
			buildConfigurations = (
				D37F7A13282167E200E73EB4 /* Debug */,
				D37F7A14282167E200E73EB4 /* Release */,
			);
			defaultConfigurationIsVisible = 0;
			defaultConfigurationName = Release;
		};
		D3D692072841121100C28C66 /* Build configuration list for PBXNativeTarget "CleanTreeListUITests" */ = {
			isa = XCConfigurationList;
			buildConfigurations = (
				D3D692082841121100C28C66 /* Debug */,
				D3D692092841121100C28C66 /* Release */,
			);
			defaultConfigurationIsVisible = 0;
			defaultConfigurationName = Release;
		};
		D3E28418283CC0FE005FCF66 /* Build configuration list for PBXNativeTarget "CleanTreeList_Tests" */ = {
			isa = XCConfigurationList;
			buildConfigurations = (
				D3E28416283CC0FE005FCF66 /* Debug */,
				D3E28417283CC0FE005FCF66 /* Release */,
			);
			defaultConfigurationIsVisible = 0;
			defaultConfigurationName = Release;
		};
/* End XCConfigurationList section */

/* Begin XCRemoteSwiftPackageReference section */
		D31E7DC52838294900FF3700 /* XCRemoteSwiftPackageReference "realm-swift" */ = {
			isa = XCRemoteSwiftPackageReference;
			repositoryURL = "https://github.com/realm/realm-swift.git";
			requirement = {
				kind = upToNextMajorVersion;
				minimumVersion = 10.19.0;
			};
		};
		D3251A6E2837C0F00059DBA3 /* XCRemoteSwiftPackageReference "Resolver" */ = {
			isa = XCRemoteSwiftPackageReference;
			repositoryURL = "https://github.com/hmlongco/Resolver";
			requirement = {
				kind = upToNextMajorVersion;
				minimumVersion = 1.0.0;
			};
		};
/* End XCRemoteSwiftPackageReference section */

/* Begin XCSwiftPackageProductDependency section */
		D31E7DC62838294900FF3700 /* Realm */ = {
			isa = XCSwiftPackageProductDependency;
			package = D31E7DC52838294900FF3700 /* XCRemoteSwiftPackageReference "realm-swift" */;
			productName = Realm;
		};
		D31E7DC82838294900FF3700 /* RealmSwift */ = {
			isa = XCSwiftPackageProductDependency;
			package = D31E7DC52838294900FF3700 /* XCRemoteSwiftPackageReference "realm-swift" */;
			productName = RealmSwift;
		};
		D3251A6F2837C0F00059DBA3 /* Resolver */ = {
			isa = XCSwiftPackageProductDependency;
			package = D3251A6E2837C0F00059DBA3 /* XCRemoteSwiftPackageReference "Resolver" */;
			productName = Resolver;
		};
/* End XCSwiftPackageProductDependency section */

/* Begin XCVersionGroup section */
		D32CD612282A55E400C7FC80 /* CleanTreeList.xcdatamodeld */ = {
			isa = XCVersionGroup;
			children = (
				D32CD613282A55E400C7FC80 /* CleanTreeList.xcdatamodel */,
			);
			currentVersion = D32CD613282A55E400C7FC80 /* CleanTreeList.xcdatamodel */;
			path = CleanTreeList.xcdatamodeld;
			sourceTree = "<group>";
			versionGroupType = wrapper.xcdatamodel;
		};
/* End XCVersionGroup section */
	};
	rootObject = D37F79FC282167E200E73EB4 /* Project object */;
}
